
Microsoft Visual Studio Solution File, Format Version 12.00
# Visual Studio Version 16
VisualStudioVersion = 16.0.30104.148
MinimumVisualStudioVersion = 10.0.40219.1
Project("{9A19103F-16F7-4668-BE54-9A1E7A4F7556}") = "College.Services", "College.Services\College.Services.csproj", "{435D6431-D89F-47A9-9386-C09496527218}"
EndProject
Project("{9A19103F-16F7-4668-BE54-9A1E7A4F7556}") = "CollegeApi.GrpcClient", "CollegeApi.GrpcClient\CollegeApi.GrpcClient.csproj", "{D313B05A-C3F1-4CD0-B3BF-60A59148F4B0}"
EndProject
Global
	GlobalSection(SolutionConfigurationPlatforms) = preSolution
		Debug|Any CPU = Debug|Any CPU
		Release|Any CPU = Release|Any CPU
	EndGlobalSection
	GlobalSection(ProjectConfigurationPlatforms) = postSolution
		{435D6431-D89F-47A9-9386-C09496527218}.Debug|Any CPU.ActiveCfg = Debug|Any CPU
		{435D6431-D89F-47A9-9386-C09496527218}.Debug|Any CPU.Build.0 = Debug|Any CPU
		{435D6431-D89F-47A9-9386-C09496527218}.Release|Any CPU.ActiveCfg = Release|Any CPU
		{435D6431-D89F-47A9-9386-C09496527218}.Release|Any CPU.Build.0 = Release|Any CPU
		{D313B05A-C3F1-4CD0-B3BF-60A59148F4B0}.Debug|Any CPU.ActiveCfg = Debug|Any CPU
		{D313B05A-C3F1-4CD0-B3BF-60A59148F4B0}.Debug|Any CPU.Build.0 = Debug|Any CPU
		{D313B05A-C3F1-4CD0-B3BF-60A59148F4B0}.Release|Any CPU.ActiveCfg = Release|Any CPU
		{D313B05A-C3F1-4CD0-B3BF-60A59148F4B0}.Release|Any CPU.Build.0 = Release|Any CPU
	EndGlobalSection
	GlobalSection(SolutionProperties) = preSolution
		HideSolutionNode = FALSE
	EndGlobalSection
	GlobalSection(ExtensibilityGlobals) = postSolution
		SolutionGuid = {14636856-96F6-4AFF-9CE6-13413B0A4588}
	EndGlobalSection
EndGlobal
