
Microsoft Visual Studio Solution File, Format Version 12.00
# Visual Studio Version 17
VisualStudioVersion = 17.0.32002.185
MinimumVisualStudioVersion = 10.0.40219.1
Project("{FAE04EC0-301F-11D3-BF4B-00C04F79EFBC}") = "WebApiInAws", "WebApiInAws\WebApiInAws.csproj", "{EEBD682F-21A3-4562-8FC6-4FE93911F20F}"
EndProject
Global
	GlobalSection(SolutionConfigurationPlatforms) = preSolution
		Debug|Any CPU = Debug|Any CPU
		Release|Any CPU = Release|Any CPU
	EndGlobalSection
	GlobalSection(ProjectConfigurationPlatforms) = postSolution
		{EEBD682F-21A3-4562-8FC6-4FE93911F20F}.Debug|Any CPU.ActiveCfg = Debug|Any CPU
		{EEBD682F-21A3-4562-8FC6-4FE93911F20F}.Debug|Any CPU.Build.0 = Debug|Any CPU
		{EEBD682F-21A3-4562-8FC6-4FE93911F20F}.Release|Any CPU.ActiveCfg = Release|Any CPU
		{EEBD682F-21A3-4562-8FC6-4FE93911F20F}.Release|Any CPU.Build.0 = Release|Any CPU
	EndGlobalSection
	GlobalSection(SolutionProperties) = preSolution
		HideSolutionNode = FALSE
	EndGlobalSection
	GlobalSection(ExtensibilityGlobals) = postSolution
		SolutionGuid = {C7D6846D-5C0B-49A1-9DDB-79CBAD1052E2}
	EndGlobalSection
EndGlobal
