
Microsoft Visual Studio Solution File, Format Version 12.00
# Visual Studio Version 16
VisualStudioVersion = 16.0.30320.27
MinimumVisualStudioVersion = 10.0.40219.1
Project("{2150E333-8FDC-42A3-9474-1A3956D46DE8}") = "Source", "Source", "{D606D570-8606-44EF-96BE-616606DC583B}"
EndProject
Project("{2150E333-8FDC-42A3-9474-1A3956D46DE8}") = "1Server", "1Server", "{7DF9F1C3-5BD0-4660-AF29-3AEC0ECE495F}"
EndProject
Project("{2150E333-8FDC-42A3-9474-1A3956D46DE8}") = "2ConsoleClient", "2ConsoleClient", "{038B3EFC-8D13-4692-A5F4-34F558D2AC30}"
EndProject
Project("{2150E333-8FDC-42A3-9474-1A3956D46DE8}") = "3Common", "3Common", "{2746CDD5-2F25-425D-819E-ED0C92BE2F30}"
EndProject
Project("{9A19103F-16F7-4668-BE54-9A1E7A4F7556}") = "College.GrpcServer", "1Server\College.GrpcServer\College.GrpcServer.csproj", "{D341DA28-2686-4083-89D2-16FBC2C9E542}"
EndProject
Project("{9A19103F-16F7-4668-BE54-9A1E7A4F7556}") = "College.ApplicationCore", "3Common\College.ApplicationCore\College.ApplicationCore.csproj", "{22551170-678D-4D27-96A5-BA1CC4AA03A5}"
EndProject
Project("{9A19103F-16F7-4668-BE54-9A1E7A4F7556}") = "ClientApps.Common", "3Common\ClientApps.Common\ClientApps.Common.csproj", "{E4A65A73-EFA1-466C-9319-715868C988F2}"
EndProject
Project("{9A19103F-16F7-4668-BE54-9A1E7A4F7556}") = "College.ServerBLL", "3Common\College.ServerBLL\College.ServerBLL.csproj", "{6258D9E3-381F-4136-A952-9F9DE1D242B6}"
EndProject
Project("{9A19103F-16F7-4668-BE54-9A1E7A4F7556}") = "College.ServerDAL", "3Common\College.ServerDAL\College.ServerDAL.csproj", "{4D864986-ACBE-4D5F-B563-FE3BE21FECB2}"
EndProject
Project("{9A19103F-16F7-4668-BE54-9A1E7A4F7556}") = "CollegeGrpc.ConsoleClient", "2ConsoleClient\CollegeGrpc.ConsoleClient\CollegeGrpc.ConsoleClient.csproj", "{45C06D27-9FD0-47CC-BEE5-353AB03C28FC}"
EndProject
Project("{2150E333-8FDC-42A3-9474-1A3956D46DE8}") = "4GrpcClientStreaming", "4GrpcClientStreaming", "{ADDCAF6B-C0DE-443F-9894-E0F196B27DAC}"
EndProject
Project("{FAE04EC0-301F-11D3-BF4B-00C04F79EFBC}") = "AddressEntrollment.ClientStreaming", "4GrpcClientStreaming\AddressEntrollment.ClientStreaming\AddressEntrollment.ClientStreaming.csproj", "{CD01AE3F-1D18-4D48-B757-CA30672ECB14}"
EndProject
Global
	GlobalSection(SolutionConfigurationPlatforms) = preSolution
		Debug|Any CPU = Debug|Any CPU
		Release|Any CPU = Release|Any CPU
	EndGlobalSection
	GlobalSection(ProjectConfigurationPlatforms) = postSolution
		{D341DA28-2686-4083-89D2-16FBC2C9E542}.Debug|Any CPU.ActiveCfg = Debug|Any CPU
		{D341DA28-2686-4083-89D2-16FBC2C9E542}.Debug|Any CPU.Build.0 = Debug|Any CPU
		{D341DA28-2686-4083-89D2-16FBC2C9E542}.Release|Any CPU.ActiveCfg = Release|Any CPU
		{D341DA28-2686-4083-89D2-16FBC2C9E542}.Release|Any CPU.Build.0 = Release|Any CPU
		{22551170-678D-4D27-96A5-BA1CC4AA03A5}.Debug|Any CPU.ActiveCfg = Debug|Any CPU
		{22551170-678D-4D27-96A5-BA1CC4AA03A5}.Debug|Any CPU.Build.0 = Debug|Any CPU
		{22551170-678D-4D27-96A5-BA1CC4AA03A5}.Release|Any CPU.ActiveCfg = Release|Any CPU
		{22551170-678D-4D27-96A5-BA1CC4AA03A5}.Release|Any CPU.Build.0 = Release|Any CPU
		{E4A65A73-EFA1-466C-9319-715868C988F2}.Debug|Any CPU.ActiveCfg = Debug|Any CPU
		{E4A65A73-EFA1-466C-9319-715868C988F2}.Debug|Any CPU.Build.0 = Debug|Any CPU
		{E4A65A73-EFA1-466C-9319-715868C988F2}.Release|Any CPU.ActiveCfg = Release|Any CPU
		{E4A65A73-EFA1-466C-9319-715868C988F2}.Release|Any CPU.Build.0 = Release|Any CPU
		{6258D9E3-381F-4136-A952-9F9DE1D242B6}.Debug|Any CPU.ActiveCfg = Debug|Any CPU
		{6258D9E3-381F-4136-A952-9F9DE1D242B6}.Debug|Any CPU.Build.0 = Debug|Any CPU
		{6258D9E3-381F-4136-A952-9F9DE1D242B6}.Release|Any CPU.ActiveCfg = Release|Any CPU
		{6258D9E3-381F-4136-A952-9F9DE1D242B6}.Release|Any CPU.Build.0 = Release|Any CPU
		{4D864986-ACBE-4D5F-B563-FE3BE21FECB2}.Debug|Any CPU.ActiveCfg = Debug|Any CPU
		{4D864986-ACBE-4D5F-B563-FE3BE21FECB2}.Debug|Any CPU.Build.0 = Debug|Any CPU
		{4D864986-ACBE-4D5F-B563-FE3BE21FECB2}.Release|Any CPU.ActiveCfg = Release|Any CPU
		{4D864986-ACBE-4D5F-B563-FE3BE21FECB2}.Release|Any CPU.Build.0 = Release|Any CPU
		{45C06D27-9FD0-47CC-BEE5-353AB03C28FC}.Debug|Any CPU.ActiveCfg = Debug|Any CPU
		{45C06D27-9FD0-47CC-BEE5-353AB03C28FC}.Debug|Any CPU.Build.0 = Debug|Any CPU
		{45C06D27-9FD0-47CC-BEE5-353AB03C28FC}.Release|Any CPU.ActiveCfg = Release|Any CPU
		{45C06D27-9FD0-47CC-BEE5-353AB03C28FC}.Release|Any CPU.Build.0 = Release|Any CPU
		{CD01AE3F-1D18-4D48-B757-CA30672ECB14}.Debug|Any CPU.ActiveCfg = Debug|Any CPU
		{CD01AE3F-1D18-4D48-B757-CA30672ECB14}.Debug|Any CPU.Build.0 = Debug|Any CPU
		{CD01AE3F-1D18-4D48-B757-CA30672ECB14}.Release|Any CPU.ActiveCfg = Release|Any CPU
		{CD01AE3F-1D18-4D48-B757-CA30672ECB14}.Release|Any CPU.Build.0 = Release|Any CPU
	EndGlobalSection
	GlobalSection(SolutionProperties) = preSolution
		HideSolutionNode = FALSE
	EndGlobalSection
	GlobalSection(NestedProjects) = preSolution
		{7DF9F1C3-5BD0-4660-AF29-3AEC0ECE495F} = {D606D570-8606-44EF-96BE-616606DC583B}
		{038B3EFC-8D13-4692-A5F4-34F558D2AC30} = {D606D570-8606-44EF-96BE-616606DC583B}
		{2746CDD5-2F25-425D-819E-ED0C92BE2F30} = {D606D570-8606-44EF-96BE-616606DC583B}
		{D341DA28-2686-4083-89D2-16FBC2C9E542} = {7DF9F1C3-5BD0-4660-AF29-3AEC0ECE495F}
		{22551170-678D-4D27-96A5-BA1CC4AA03A5} = {2746CDD5-2F25-425D-819E-ED0C92BE2F30}
		{E4A65A73-EFA1-466C-9319-715868C988F2} = {2746CDD5-2F25-425D-819E-ED0C92BE2F30}
		{6258D9E3-381F-4136-A952-9F9DE1D242B6} = {2746CDD5-2F25-425D-819E-ED0C92BE2F30}
		{4D864986-ACBE-4D5F-B563-FE3BE21FECB2} = {2746CDD5-2F25-425D-819E-ED0C92BE2F30}
		{45C06D27-9FD0-47CC-BEE5-353AB03C28FC} = {038B3EFC-8D13-4692-A5F4-34F558D2AC30}
		{ADDCAF6B-C0DE-443F-9894-E0F196B27DAC} = {D606D570-8606-44EF-96BE-616606DC583B}
		{CD01AE3F-1D18-4D48-B757-CA30672ECB14} = {ADDCAF6B-C0DE-443F-9894-E0F196B27DAC}
	EndGlobalSection
	GlobalSection(ExtensibilityGlobals) = postSolution
		SolutionGuid = {36EF83B1-4F95-4DE4-911B-B7694CB88566}
	EndGlobalSection
EndGlobal
