
Microsoft Visual Studio Solution File, Format Version 12.00
# Visual Studio Version 16
VisualStudioVersion = 16.0.30523.141
MinimumVisualStudioVersion = 10.0.40219.1
Project("{2150E333-8FDC-42A3-9474-1A3956D46DE8}") = "Source", "Source", "{00AF9511-E403-440C-89E0-16A4301258DE}"
EndProject
Project("{9A19103F-16F7-4668-BE54-9A1E7A4F7556}") = "College.Core", "College.Core\College.Core.csproj", "{97FF6870-3C39-440D-B271-BB918F205FA5}"
EndProject
Project("{9A19103F-16F7-4668-BE54-9A1E7A4F7556}") = "College.SQLDAL", "College.SQLDAL\College.SQLDAL.csproj", "{B11BA479-8BAA-4930-8D71-5948EB9A5FCE}"
EndProject
Project("{9A19103F-16F7-4668-BE54-9A1E7A4F7556}") = "College.Bll", "College.Bll\College.Bll.csproj", "{02F8CC18-99BB-4B2A-B918-ED264EF40F62}"
EndProject
Project("{9A19103F-16F7-4668-BE54-9A1E7A4F7556}") = "College.WebAPI", "College.WebAPI\College.WebAPI.csproj", "{35C46FE2-BE3D-468B-B9F1-2BBF6962793C}"
EndProject
Global
	GlobalSection(SolutionConfigurationPlatforms) = preSolution
		Debug|Any CPU = Debug|Any CPU
		Release|Any CPU = Release|Any CPU
	EndGlobalSection
	GlobalSection(ProjectConfigurationPlatforms) = postSolution
		{97FF6870-3C39-440D-B271-BB918F205FA5}.Debug|Any CPU.ActiveCfg = Debug|Any CPU
		{97FF6870-3C39-440D-B271-BB918F205FA5}.Debug|Any CPU.Build.0 = Debug|Any CPU
		{97FF6870-3C39-440D-B271-BB918F205FA5}.Release|Any CPU.ActiveCfg = Release|Any CPU
		{97FF6870-3C39-440D-B271-BB918F205FA5}.Release|Any CPU.Build.0 = Release|Any CPU
		{B11BA479-8BAA-4930-8D71-5948EB9A5FCE}.Debug|Any CPU.ActiveCfg = Debug|Any CPU
		{B11BA479-8BAA-4930-8D71-5948EB9A5FCE}.Debug|Any CPU.Build.0 = Debug|Any CPU
		{B11BA479-8BAA-4930-8D71-5948EB9A5FCE}.Release|Any CPU.ActiveCfg = Release|Any CPU
		{B11BA479-8BAA-4930-8D71-5948EB9A5FCE}.Release|Any CPU.Build.0 = Release|Any CPU
		{02F8CC18-99BB-4B2A-B918-ED264EF40F62}.Debug|Any CPU.ActiveCfg = Debug|Any CPU
		{02F8CC18-99BB-4B2A-B918-ED264EF40F62}.Debug|Any CPU.Build.0 = Debug|Any CPU
		{02F8CC18-99BB-4B2A-B918-ED264EF40F62}.Release|Any CPU.ActiveCfg = Release|Any CPU
		{02F8CC18-99BB-4B2A-B918-ED264EF40F62}.Release|Any CPU.Build.0 = Release|Any CPU
		{35C46FE2-BE3D-468B-B9F1-2BBF6962793C}.Debug|Any CPU.ActiveCfg = Debug|Any CPU
		{35C46FE2-BE3D-468B-B9F1-2BBF6962793C}.Debug|Any CPU.Build.0 = Debug|Any CPU
		{35C46FE2-BE3D-468B-B9F1-2BBF6962793C}.Release|Any CPU.ActiveCfg = Release|Any CPU
		{35C46FE2-BE3D-468B-B9F1-2BBF6962793C}.Release|Any CPU.Build.0 = Release|Any CPU
	EndGlobalSection
	GlobalSection(SolutionProperties) = preSolution
		HideSolutionNode = FALSE
	EndGlobalSection
	GlobalSection(NestedProjects) = preSolution
		{97FF6870-3C39-440D-B271-BB918F205FA5} = {00AF9511-E403-440C-89E0-16A4301258DE}
		{B11BA479-8BAA-4930-8D71-5948EB9A5FCE} = {00AF9511-E403-440C-89E0-16A4301258DE}
		{02F8CC18-99BB-4B2A-B918-ED264EF40F62} = {00AF9511-E403-440C-89E0-16A4301258DE}
		{35C46FE2-BE3D-468B-B9F1-2BBF6962793C} = {00AF9511-E403-440C-89E0-16A4301258DE}
	EndGlobalSection
	GlobalSection(ExtensibilityGlobals) = postSolution
		SolutionGuid = {3A39ACF7-5BFA-40B6-BA9A-3F0AB4D3DEBF}
	EndGlobalSection
EndGlobal
