
Microsoft Visual Studio Solution File, Format Version 12.00
# Visual Studio Version 16
VisualStudioVersion = 16.0.30517.126
MinimumVisualStudioVersion = 10.0.40219.1
Project("{2150E333-8FDC-42A3-9474-1A3956D46DE8}") = "Source", "Source", "{7C18C2AD-262B-40C3-9339-1A0FBEFDF4A1}"
EndProject
Project("{2150E333-8FDC-42A3-9474-1A3956D46DE8}") = "Solution Items", "Solution Items", "{F98786A4-4A55-4AF9-B7CC-8752B5932EE0}"
	ProjectSection(SolutionItems) = preProject
		.gitignore = .gitignore
		README.md = README.md
	EndProjectSection
EndProject
Project("{2150E333-8FDC-42A3-9474-1A3956D46DE8}") = "1Common", "1Common", "{EAB758C2-926A-4335-BB2C-163885C46181}"
EndProject
Project("{2150E333-8FDC-42A3-9474-1A3956D46DE8}") = "2RestWebAPI", "2RestWebAPI", "{DD590924-5FD7-4147-9797-65DF45C761A9}"
EndProject
Project("{2150E333-8FDC-42A3-9474-1A3956D46DE8}") = "3gRPCWeb", "3gRPCWeb", "{F722899E-8A3F-43D9-A80B-7C13A1680119}"
EndProject
Project("{9A19103F-16F7-4668-BE54-9A1E7A4F7556}") = "ClientApps.Common", "1Common\ClientApps.Common\ClientApps.Common.csproj", "{47E08191-507E-4838-A9EF-2E170882EB5B}"
EndProject
Project("{9A19103F-16F7-4668-BE54-9A1E7A4F7556}") = "College.Core", "1Common\College.Core\College.Core.csproj", "{B2B219BE-7340-40E0-8F4B-9EA9D09AD932}"
EndProject
Project("{9A19103F-16F7-4668-BE54-9A1E7A4F7556}") = "College.DAL", "1Common\College.DAL\College.DAL.csproj", "{45601742-F76A-4B4F-9D42-CFFEB42FB136}"
EndProject
Project("{9A19103F-16F7-4668-BE54-9A1E7A4F7556}") = "College.BLL", "1Common\College.BLL\College.BLL.csproj", "{44AC6858-81EB-4403-A55F-D015C1750B52}"
EndProject
Project("{9A19103F-16F7-4668-BE54-9A1E7A4F7556}") = "College.WebAPI", "2RestWebAPI\College.WebAPI\College.WebAPI.csproj", "{C4D1EA8D-47B4-4784-BDD3-8666A6480CDD}"
EndProject
Project("{9A19103F-16F7-4668-BE54-9A1E7A4F7556}") = "College.GrpcServer", "3gRPCWeb\College.GrpcServer\College.GrpcServer.csproj", "{31D3BA88-5D68-48F6-B548-702C290887BE}"
EndProject
Project("{2150E333-8FDC-42A3-9474-1A3956D46DE8}") = "4BlazorWASM", "4BlazorWASM", "{F84DB2AE-325B-46DF-A7A7-B583E6FB2CCB}"
EndProject
Project("{2150E333-8FDC-42A3-9474-1A3956D46DE8}") = "5gRPCClients", "5gRPCClients", "{6DDE763D-E2CD-4981-87CD-C1999C65CE70}"
EndProject
Project("{9A19103F-16F7-4668-BE54-9A1E7A4F7556}") = "CollegeGrpc.ConsoleClient", "5gRPCClients\CollegeGrpc.ConsoleClient\CollegeGrpc.ConsoleClient.csproj", "{E253E357-C78D-4791-8FEA-1A92B04811BE}"
EndProject
Project("{9A19103F-16F7-4668-BE54-9A1E7A4F7556}") = "College.BlazorWasm", "4BlazorWASM\College.BlazorWasm\College.BlazorWasm.csproj", "{927273A8-61E8-440C-895A-39958BD80F6F}"
EndProject
Global
	GlobalSection(SolutionConfigurationPlatforms) = preSolution
		Debug|Any CPU = Debug|Any CPU
		Release|Any CPU = Release|Any CPU
	EndGlobalSection
	GlobalSection(ProjectConfigurationPlatforms) = postSolution
		{47E08191-507E-4838-A9EF-2E170882EB5B}.Debug|Any CPU.ActiveCfg = Debug|Any CPU
		{47E08191-507E-4838-A9EF-2E170882EB5B}.Debug|Any CPU.Build.0 = Debug|Any CPU
		{47E08191-507E-4838-A9EF-2E170882EB5B}.Release|Any CPU.ActiveCfg = Release|Any CPU
		{47E08191-507E-4838-A9EF-2E170882EB5B}.Release|Any CPU.Build.0 = Release|Any CPU
		{B2B219BE-7340-40E0-8F4B-9EA9D09AD932}.Debug|Any CPU.ActiveCfg = Debug|Any CPU
		{B2B219BE-7340-40E0-8F4B-9EA9D09AD932}.Debug|Any CPU.Build.0 = Debug|Any CPU
		{B2B219BE-7340-40E0-8F4B-9EA9D09AD932}.Release|Any CPU.ActiveCfg = Release|Any CPU
		{B2B219BE-7340-40E0-8F4B-9EA9D09AD932}.Release|Any CPU.Build.0 = Release|Any CPU
		{45601742-F76A-4B4F-9D42-CFFEB42FB136}.Debug|Any CPU.ActiveCfg = Debug|Any CPU
		{45601742-F76A-4B4F-9D42-CFFEB42FB136}.Debug|Any CPU.Build.0 = Debug|Any CPU
		{45601742-F76A-4B4F-9D42-CFFEB42FB136}.Release|Any CPU.ActiveCfg = Release|Any CPU
		{45601742-F76A-4B4F-9D42-CFFEB42FB136}.Release|Any CPU.Build.0 = Release|Any CPU
		{44AC6858-81EB-4403-A55F-D015C1750B52}.Debug|Any CPU.ActiveCfg = Debug|Any CPU
		{44AC6858-81EB-4403-A55F-D015C1750B52}.Debug|Any CPU.Build.0 = Debug|Any CPU
		{44AC6858-81EB-4403-A55F-D015C1750B52}.Release|Any CPU.ActiveCfg = Release|Any CPU
		{44AC6858-81EB-4403-A55F-D015C1750B52}.Release|Any CPU.Build.0 = Release|Any CPU
		{C4D1EA8D-47B4-4784-BDD3-8666A6480CDD}.Debug|Any CPU.ActiveCfg = Debug|Any CPU
		{C4D1EA8D-47B4-4784-BDD3-8666A6480CDD}.Debug|Any CPU.Build.0 = Debug|Any CPU
		{C4D1EA8D-47B4-4784-BDD3-8666A6480CDD}.Release|Any CPU.ActiveCfg = Release|Any CPU
		{C4D1EA8D-47B4-4784-BDD3-8666A6480CDD}.Release|Any CPU.Build.0 = Release|Any CPU
		{31D3BA88-5D68-48F6-B548-702C290887BE}.Debug|Any CPU.ActiveCfg = Debug|Any CPU
		{31D3BA88-5D68-48F6-B548-702C290887BE}.Debug|Any CPU.Build.0 = Debug|Any CPU
		{31D3BA88-5D68-48F6-B548-702C290887BE}.Release|Any CPU.ActiveCfg = Release|Any CPU
		{31D3BA88-5D68-48F6-B548-702C290887BE}.Release|Any CPU.Build.0 = Release|Any CPU
		{E253E357-C78D-4791-8FEA-1A92B04811BE}.Debug|Any CPU.ActiveCfg = Debug|Any CPU
		{E253E357-C78D-4791-8FEA-1A92B04811BE}.Debug|Any CPU.Build.0 = Debug|Any CPU
		{E253E357-C78D-4791-8FEA-1A92B04811BE}.Release|Any CPU.ActiveCfg = Release|Any CPU
		{E253E357-C78D-4791-8FEA-1A92B04811BE}.Release|Any CPU.Build.0 = Release|Any CPU
		{927273A8-61E8-440C-895A-39958BD80F6F}.Debug|Any CPU.ActiveCfg = Debug|Any CPU
		{927273A8-61E8-440C-895A-39958BD80F6F}.Debug|Any CPU.Build.0 = Debug|Any CPU
		{927273A8-61E8-440C-895A-39958BD80F6F}.Release|Any CPU.ActiveCfg = Release|Any CPU
		{927273A8-61E8-440C-895A-39958BD80F6F}.Release|Any CPU.Build.0 = Release|Any CPU
	EndGlobalSection
	GlobalSection(SolutionProperties) = preSolution
		HideSolutionNode = FALSE
	EndGlobalSection
	GlobalSection(NestedProjects) = preSolution
		{EAB758C2-926A-4335-BB2C-163885C46181} = {7C18C2AD-262B-40C3-9339-1A0FBEFDF4A1}
		{DD590924-5FD7-4147-9797-65DF45C761A9} = {7C18C2AD-262B-40C3-9339-1A0FBEFDF4A1}
		{F722899E-8A3F-43D9-A80B-7C13A1680119} = {7C18C2AD-262B-40C3-9339-1A0FBEFDF4A1}
		{47E08191-507E-4838-A9EF-2E170882EB5B} = {EAB758C2-926A-4335-BB2C-163885C46181}
		{B2B219BE-7340-40E0-8F4B-9EA9D09AD932} = {EAB758C2-926A-4335-BB2C-163885C46181}
		{45601742-F76A-4B4F-9D42-CFFEB42FB136} = {EAB758C2-926A-4335-BB2C-163885C46181}
		{44AC6858-81EB-4403-A55F-D015C1750B52} = {EAB758C2-926A-4335-BB2C-163885C46181}
		{C4D1EA8D-47B4-4784-BDD3-8666A6480CDD} = {DD590924-5FD7-4147-9797-65DF45C761A9}
		{31D3BA88-5D68-48F6-B548-702C290887BE} = {F722899E-8A3F-43D9-A80B-7C13A1680119}
		{F84DB2AE-325B-46DF-A7A7-B583E6FB2CCB} = {7C18C2AD-262B-40C3-9339-1A0FBEFDF4A1}
		{6DDE763D-E2CD-4981-87CD-C1999C65CE70} = {7C18C2AD-262B-40C3-9339-1A0FBEFDF4A1}
		{E253E357-C78D-4791-8FEA-1A92B04811BE} = {6DDE763D-E2CD-4981-87CD-C1999C65CE70}
		{927273A8-61E8-440C-895A-39958BD80F6F} = {F84DB2AE-325B-46DF-A7A7-B583E6FB2CCB}
	EndGlobalSection
	GlobalSection(ExtensibilityGlobals) = postSolution
		SolutionGuid = {8228F1DE-03A1-4F9B-AC96-B6914F388A52}
	EndGlobalSection
EndGlobal
