
Microsoft Visual Studio Solution File, Format Version 12.00
# Visual Studio Version 16
VisualStudioVersion = 16.0.31613.86
MinimumVisualStudioVersion = 10.0.40219.1
Project("{2150E333-8FDC-42A3-9474-1A3956D46DE8}") = "Solution Items", "Solution Items", "{FDA3F713-72B7-4330-9811-099FA442884C}"
	ProjectSection(SolutionItems) = preProject
		.gitignore = .gitignore
		README.md = README.md
	EndProjectSection
EndProject
Project("{2150E333-8FDC-42A3-9474-1A3956D46DE8}") = "documentation", "documentation", "{81B21A64-8AF4-4E78-BFBE-DBD897F15719}"
EndProject
Project("{2150E333-8FDC-42A3-9474-1A3956D46DE8}") = "images", "images", "{F0F7C06D-F821-4E13-B184-0C570E76DC5B}"
EndProject
Project("{2150E333-8FDC-42A3-9474-1A3956D46DE8}") = "source", "source", "{A58FE1A8-B666-45C6-9714-F2FAB38A055C}"
EndProject
Project("{2150E333-8FDC-42A3-9474-1A3956D46DE8}") = "1common", "1common", "{537EE227-C3DA-4D25-8336-5C9A678FEF7A}"
EndProject
Project("{2150E333-8FDC-42A3-9474-1A3956D46DE8}") = "2restapi", "2restapi", "{4AC89724-FD32-4C34-A5BA-F51E25ABD1A4}"
EndProject
Project("{2150E333-8FDC-42A3-9474-1A3956D46DE8}") = "3blazorwasm", "3blazorwasm", "{B53E7DD6-CEC4-4B40-854C-4B1FE77361B0}"
EndProject
Project("{2150E333-8FDC-42A3-9474-1A3956D46DE8}") = "4college-ngweb", "4college-ngweb", "{FA31D274-FAB2-4695-A223-CB493E94E16A}"
	ProjectSection(SolutionItems) = preProject
		source\4college-ngweb\.browserslistrc = source\4college-ngweb\.browserslistrc
		source\4college-ngweb\.editorconfig = source\4college-ngweb\.editorconfig
		source\4college-ngweb\.gitignore = source\4college-ngweb\.gitignore
		source\4college-ngweb\angular.json = source\4college-ngweb\angular.json
		source\4college-ngweb\karma.conf.js = source\4college-ngweb\karma.conf.js
		source\4college-ngweb\package-lock.json = source\4college-ngweb\package-lock.json
		source\4college-ngweb\package.json = source\4college-ngweb\package.json
		source\4college-ngweb\README.md = source\4college-ngweb\README.md
		source\4college-ngweb\tsconfig.app.json = source\4college-ngweb\tsconfig.app.json
		source\4college-ngweb\tsconfig.json = source\4college-ngweb\tsconfig.json
		source\4college-ngweb\tsconfig.spec.json = source\4college-ngweb\tsconfig.spec.json
	EndProjectSection
EndProject
Project("{2150E333-8FDC-42A3-9474-1A3956D46DE8}") = "5college-rjsweb", "5college-rjsweb", "{399218F7-74A8-4799-A359-31AEB26DBED5}"
EndProject
Project("{2150E333-8FDC-42A3-9474-1A3956D46DE8}") = "src", "src", "{4CF288E5-8064-4D73-8118-D36D69AE9B11}"
	ProjectSection(SolutionItems) = preProject
		source\4college-ngweb\src\favicon.ico = source\4college-ngweb\src\favicon.ico
		source\4college-ngweb\src\index.html = source\4college-ngweb\src\index.html
		source\4college-ngweb\src\main.ts = source\4college-ngweb\src\main.ts
		source\4college-ngweb\src\polyfills.ts = source\4college-ngweb\src\polyfills.ts
		source\4college-ngweb\src\styles.scss = source\4college-ngweb\src\styles.scss
		source\4college-ngweb\src\test.ts = source\4college-ngweb\src\test.ts
	EndProjectSection
EndProject
Project("{2150E333-8FDC-42A3-9474-1A3956D46DE8}") = "app", "app", "{903944BE-9B76-46C4-B8EA-4E89EAB00ED3}"
	ProjectSection(SolutionItems) = preProject
		source\4college-ngweb\src\app\app-routing.module.ts = source\4college-ngweb\src\app\app-routing.module.ts
		source\4college-ngweb\src\app\app.component.html = source\4college-ngweb\src\app\app.component.html
		source\4college-ngweb\src\app\app.component.scss = source\4college-ngweb\src\app\app.component.scss
		source\4college-ngweb\src\app\app.component.spec.ts = source\4college-ngweb\src\app\app.component.spec.ts
		source\4college-ngweb\src\app\app.component.ts = source\4college-ngweb\src\app\app.component.ts
		source\4college-ngweb\src\app\app.module.ts = source\4college-ngweb\src\app\app.module.ts
	EndProjectSection
EndProject
Project("{2150E333-8FDC-42A3-9474-1A3956D46DE8}") = "assets", "assets", "{931C1F84-E65B-4B74-8023-EE5DC4AE7A20}"
	ProjectSection(SolutionItems) = preProject
		source\4college-ngweb\src\assets\.gitkeep = source\4college-ngweb\src\assets\.gitkeep
	EndProjectSection
EndProject
Project("{2150E333-8FDC-42A3-9474-1A3956D46DE8}") = "environments", "environments", "{D83F29AA-506B-4611-BA34-EA6188B2BEE9}"
	ProjectSection(SolutionItems) = preProject
		source\4college-ngweb\src\environments\environment.prod.ts = source\4college-ngweb\src\environments\environment.prod.ts
		source\4college-ngweb\src\environments\environment.ts = source\4college-ngweb\src\environments\environment.ts
	EndProjectSection
EndProject
Project("{9A19103F-16F7-4668-BE54-9A1E7A4F7556}") = "College.Core", "source\1common\College.Core\College.Core.csproj", "{A800FFEB-9E24-4656-B2A1-CA8C63F14A21}"
EndProject
Project("{9A19103F-16F7-4668-BE54-9A1E7A4F7556}") = "College.SQLServerDAL", "source\1common\College.SQLServerDAL\College.SQLServerDAL.csproj", "{C96EE2FA-76AE-4A1C-8121-881EC34581CF}"
EndProject
Project("{9A19103F-16F7-4668-BE54-9A1E7A4F7556}") = "College.BLL", "source\1common\College.BLL\College.BLL.csproj", "{9A1AF5D4-857D-45DE-B6C9-754CCB2F1823}"
EndProject
Project("{9A19103F-16F7-4668-BE54-9A1E7A4F7556}") = "College.API", "source\2restapi\College.API\College.API.csproj", "{16CBC281-168E-44C1-90A0-14403BDF46EE}"
EndProject
Project("{9A19103F-16F7-4668-BE54-9A1E7A4F7556}") = "College.Web", "source\3blazorwasm\College.Web\College.Web.csproj", "{9C3C4C13-EB06-40BC-8BD3-630154D5D0ED}"
EndProject
Global
	GlobalSection(SolutionConfigurationPlatforms) = preSolution
		Debug|Any CPU = Debug|Any CPU
		Release|Any CPU = Release|Any CPU
	EndGlobalSection
	GlobalSection(ProjectConfigurationPlatforms) = postSolution
		{A800FFEB-9E24-4656-B2A1-CA8C63F14A21}.Debug|Any CPU.ActiveCfg = Debug|Any CPU
		{A800FFEB-9E24-4656-B2A1-CA8C63F14A21}.Debug|Any CPU.Build.0 = Debug|Any CPU
		{A800FFEB-9E24-4656-B2A1-CA8C63F14A21}.Release|Any CPU.ActiveCfg = Release|Any CPU
		{A800FFEB-9E24-4656-B2A1-CA8C63F14A21}.Release|Any CPU.Build.0 = Release|Any CPU
		{C96EE2FA-76AE-4A1C-8121-881EC34581CF}.Debug|Any CPU.ActiveCfg = Debug|Any CPU
		{C96EE2FA-76AE-4A1C-8121-881EC34581CF}.Debug|Any CPU.Build.0 = Debug|Any CPU
		{C96EE2FA-76AE-4A1C-8121-881EC34581CF}.Release|Any CPU.ActiveCfg = Release|Any CPU
		{C96EE2FA-76AE-4A1C-8121-881EC34581CF}.Release|Any CPU.Build.0 = Release|Any CPU
		{9A1AF5D4-857D-45DE-B6C9-754CCB2F1823}.Debug|Any CPU.ActiveCfg = Debug|Any CPU
		{9A1AF5D4-857D-45DE-B6C9-754CCB2F1823}.Debug|Any CPU.Build.0 = Debug|Any CPU
		{9A1AF5D4-857D-45DE-B6C9-754CCB2F1823}.Release|Any CPU.ActiveCfg = Release|Any CPU
		{9A1AF5D4-857D-45DE-B6C9-754CCB2F1823}.Release|Any CPU.Build.0 = Release|Any CPU
		{16CBC281-168E-44C1-90A0-14403BDF46EE}.Debug|Any CPU.ActiveCfg = Debug|Any CPU
		{16CBC281-168E-44C1-90A0-14403BDF46EE}.Debug|Any CPU.Build.0 = Debug|Any CPU
		{16CBC281-168E-44C1-90A0-14403BDF46EE}.Release|Any CPU.ActiveCfg = Release|Any CPU
		{16CBC281-168E-44C1-90A0-14403BDF46EE}.Release|Any CPU.Build.0 = Release|Any CPU
		{9C3C4C13-EB06-40BC-8BD3-630154D5D0ED}.Debug|Any CPU.ActiveCfg = Debug|Any CPU
		{9C3C4C13-EB06-40BC-8BD3-630154D5D0ED}.Debug|Any CPU.Build.0 = Debug|Any CPU
		{9C3C4C13-EB06-40BC-8BD3-630154D5D0ED}.Release|Any CPU.ActiveCfg = Release|Any CPU
		{9C3C4C13-EB06-40BC-8BD3-630154D5D0ED}.Release|Any CPU.Build.0 = Release|Any CPU
	EndGlobalSection
	GlobalSection(SolutionProperties) = preSolution
		HideSolutionNode = FALSE
	EndGlobalSection
	GlobalSection(NestedProjects) = preSolution
		{F0F7C06D-F821-4E13-B184-0C570E76DC5B} = {81B21A64-8AF4-4E78-BFBE-DBD897F15719}
		{537EE227-C3DA-4D25-8336-5C9A678FEF7A} = {A58FE1A8-B666-45C6-9714-F2FAB38A055C}
		{4AC89724-FD32-4C34-A5BA-F51E25ABD1A4} = {A58FE1A8-B666-45C6-9714-F2FAB38A055C}
		{B53E7DD6-CEC4-4B40-854C-4B1FE77361B0} = {A58FE1A8-B666-45C6-9714-F2FAB38A055C}
		{FA31D274-FAB2-4695-A223-CB493E94E16A} = {A58FE1A8-B666-45C6-9714-F2FAB38A055C}
		{399218F7-74A8-4799-A359-31AEB26DBED5} = {A58FE1A8-B666-45C6-9714-F2FAB38A055C}
		{4CF288E5-8064-4D73-8118-D36D69AE9B11} = {FA31D274-FAB2-4695-A223-CB493E94E16A}
		{903944BE-9B76-46C4-B8EA-4E89EAB00ED3} = {4CF288E5-8064-4D73-8118-D36D69AE9B11}
		{931C1F84-E65B-4B74-8023-EE5DC4AE7A20} = {4CF288E5-8064-4D73-8118-D36D69AE9B11}
		{D83F29AA-506B-4611-BA34-EA6188B2BEE9} = {4CF288E5-8064-4D73-8118-D36D69AE9B11}
		{A800FFEB-9E24-4656-B2A1-CA8C63F14A21} = {537EE227-C3DA-4D25-8336-5C9A678FEF7A}
		{C96EE2FA-76AE-4A1C-8121-881EC34581CF} = {537EE227-C3DA-4D25-8336-5C9A678FEF7A}
		{9A1AF5D4-857D-45DE-B6C9-754CCB2F1823} = {537EE227-C3DA-4D25-8336-5C9A678FEF7A}
		{16CBC281-168E-44C1-90A0-14403BDF46EE} = {4AC89724-FD32-4C34-A5BA-F51E25ABD1A4}
		{9C3C4C13-EB06-40BC-8BD3-630154D5D0ED} = {B53E7DD6-CEC4-4B40-854C-4B1FE77361B0}
	EndGlobalSection
	GlobalSection(ExtensibilityGlobals) = postSolution
		SolutionGuid = {155C508A-F03D-47C4-B63E-92EF39550DE2}
	EndGlobalSection
EndGlobal
