
Microsoft Visual Studio Solution File, Format Version 12.00
# Visual Studio Version 16
VisualStudioVersion = 16.0.31613.86
MinimumVisualStudioVersion = 10.0.40219.1
Project("{2150E333-8FDC-42A3-9474-1A3956D46DE8}") = "Solution Items", "Solution Items", "{FDA3F713-72B7-4330-9811-099FA442884C}"
	ProjectSection(SolutionItems) = preProject
		.gitignore = .gitignore
		README.md = README.md
	EndProjectSection
EndProject
Project("{2150E333-8FDC-42A3-9474-1A3956D46DE8}") = "documentation", "documentation", "{81B21A64-8AF4-4E78-BFBE-DBD897F15719}"
EndProject
Project("{2150E333-8FDC-42A3-9474-1A3956D46DE8}") = "images", "images", "{F0F7C06D-F821-4E13-B184-0C570E76DC5B}"
EndProject
Project("{2150E333-8FDC-42A3-9474-1A3956D46DE8}") = "source", "source", "{A58FE1A8-B666-45C6-9714-F2FAB38A055C}"
EndProject
Project("{2150E333-8FDC-42A3-9474-1A3956D46DE8}") = "1common", "1common", "{537EE227-C3DA-4D25-8336-5C9A678FEF7A}"
EndProject
Project("{FAE04EC0-301F-11D3-BF4B-00C04F79EFBC}") = "College.Core", "source\1common\College.Core\College.Core.csproj", "{981DAAF2-1BD2-4582-99C2-A43A04C46E18}"
EndProject
Project("{FAE04EC0-301F-11D3-BF4B-00C04F79EFBC}") = "College.BLL", "source\1common\College.BLL\College.BLL.csproj", "{DB3FD526-E682-4645-8A1D-75192DA8B93C}"
EndProject
Project("{FAE04EC0-301F-11D3-BF4B-00C04F79EFBC}") = "College.SQLServerDAL", "source\1common\College.SQLServerDAL\College.SQLServerDAL.csproj", "{123FA3D3-B7EE-4D0F-A6F4-F6F4D11C8BC5}"
EndProject
Project("{2150E333-8FDC-42A3-9474-1A3956D46DE8}") = "2restapi", "2restapi", "{4AC89724-FD32-4C34-A5BA-F51E25ABD1A4}"
EndProject
Project("{FAE04EC0-301F-11D3-BF4B-00C04F79EFBC}") = "College.API", "source\2restapi\College.API\College.API.csproj", "{B57FB0C1-51DB-45C4-969F-84A67634D414}"
EndProject
Project("{2150E333-8FDC-42A3-9474-1A3956D46DE8}") = "3blazorwasm", "3blazorwasm", "{B53E7DD6-CEC4-4B40-854C-4B1FE77361B0}"
EndProject
Project("{2150E333-8FDC-42A3-9474-1A3956D46DE8}") = "4angular", "4angular", "{FA31D274-FAB2-4695-A223-CB493E94E16A}"
EndProject
Project("{2150E333-8FDC-42A3-9474-1A3956D46DE8}") = "5reactjs", "5reactjs", "{399218F7-74A8-4799-A359-31AEB26DBED5}"
EndProject
Project("{FAE04EC0-301F-11D3-BF4B-00C04F79EFBC}") = "College.Web", "source\3blazorwasm\College.Web\College.Web.csproj", "{CBFF36B5-75CE-4DFC-A5A9-2F7ADBDDBECC}"
EndProject
Global
	GlobalSection(SolutionConfigurationPlatforms) = preSolution
		Debug|Any CPU = Debug|Any CPU
		Release|Any CPU = Release|Any CPU
	EndGlobalSection
	GlobalSection(ProjectConfigurationPlatforms) = postSolution
		{981DAAF2-1BD2-4582-99C2-A43A04C46E18}.Debug|Any CPU.ActiveCfg = Debug|Any CPU
		{981DAAF2-1BD2-4582-99C2-A43A04C46E18}.Debug|Any CPU.Build.0 = Debug|Any CPU
		{981DAAF2-1BD2-4582-99C2-A43A04C46E18}.Release|Any CPU.ActiveCfg = Release|Any CPU
		{981DAAF2-1BD2-4582-99C2-A43A04C46E18}.Release|Any CPU.Build.0 = Release|Any CPU
		{DB3FD526-E682-4645-8A1D-75192DA8B93C}.Debug|Any CPU.ActiveCfg = Debug|Any CPU
		{DB3FD526-E682-4645-8A1D-75192DA8B93C}.Debug|Any CPU.Build.0 = Debug|Any CPU
		{DB3FD526-E682-4645-8A1D-75192DA8B93C}.Release|Any CPU.ActiveCfg = Release|Any CPU
		{DB3FD526-E682-4645-8A1D-75192DA8B93C}.Release|Any CPU.Build.0 = Release|Any CPU
		{123FA3D3-B7EE-4D0F-A6F4-F6F4D11C8BC5}.Debug|Any CPU.ActiveCfg = Debug|Any CPU
		{123FA3D3-B7EE-4D0F-A6F4-F6F4D11C8BC5}.Debug|Any CPU.Build.0 = Debug|Any CPU
		{123FA3D3-B7EE-4D0F-A6F4-F6F4D11C8BC5}.Release|Any CPU.ActiveCfg = Release|Any CPU
		{123FA3D3-B7EE-4D0F-A6F4-F6F4D11C8BC5}.Release|Any CPU.Build.0 = Release|Any CPU
		{B57FB0C1-51DB-45C4-969F-84A67634D414}.Debug|Any CPU.ActiveCfg = Debug|Any CPU
		{B57FB0C1-51DB-45C4-969F-84A67634D414}.Debug|Any CPU.Build.0 = Debug|Any CPU
		{B57FB0C1-51DB-45C4-969F-84A67634D414}.Release|Any CPU.ActiveCfg = Release|Any CPU
		{B57FB0C1-51DB-45C4-969F-84A67634D414}.Release|Any CPU.Build.0 = Release|Any CPU
		{CBFF36B5-75CE-4DFC-A5A9-2F7ADBDDBECC}.Debug|Any CPU.ActiveCfg = Debug|Any CPU
		{CBFF36B5-75CE-4DFC-A5A9-2F7ADBDDBECC}.Debug|Any CPU.Build.0 = Debug|Any CPU
		{CBFF36B5-75CE-4DFC-A5A9-2F7ADBDDBECC}.Release|Any CPU.ActiveCfg = Release|Any CPU
		{CBFF36B5-75CE-4DFC-A5A9-2F7ADBDDBECC}.Release|Any CPU.Build.0 = Release|Any CPU
	EndGlobalSection
	GlobalSection(SolutionProperties) = preSolution
		HideSolutionNode = FALSE
	EndGlobalSection
	GlobalSection(NestedProjects) = preSolution
		{F0F7C06D-F821-4E13-B184-0C570E76DC5B} = {81B21A64-8AF4-4E78-BFBE-DBD897F15719}
		{537EE227-C3DA-4D25-8336-5C9A678FEF7A} = {A58FE1A8-B666-45C6-9714-F2FAB38A055C}
		{981DAAF2-1BD2-4582-99C2-A43A04C46E18} = {537EE227-C3DA-4D25-8336-5C9A678FEF7A}
		{DB3FD526-E682-4645-8A1D-75192DA8B93C} = {537EE227-C3DA-4D25-8336-5C9A678FEF7A}
		{123FA3D3-B7EE-4D0F-A6F4-F6F4D11C8BC5} = {537EE227-C3DA-4D25-8336-5C9A678FEF7A}
		{4AC89724-FD32-4C34-A5BA-F51E25ABD1A4} = {A58FE1A8-B666-45C6-9714-F2FAB38A055C}
		{B57FB0C1-51DB-45C4-969F-84A67634D414} = {4AC89724-FD32-4C34-A5BA-F51E25ABD1A4}
		{B53E7DD6-CEC4-4B40-854C-4B1FE77361B0} = {A58FE1A8-B666-45C6-9714-F2FAB38A055C}
		{FA31D274-FAB2-4695-A223-CB493E94E16A} = {A58FE1A8-B666-45C6-9714-F2FAB38A055C}
		{399218F7-74A8-4799-A359-31AEB26DBED5} = {A58FE1A8-B666-45C6-9714-F2FAB38A055C}
		{CBFF36B5-75CE-4DFC-A5A9-2F7ADBDDBECC} = {B53E7DD6-CEC4-4B40-854C-4B1FE77361B0}
	EndGlobalSection
	GlobalSection(ExtensibilityGlobals) = postSolution
		SolutionGuid = {155C508A-F03D-47C4-B63E-92EF39550DE2}
	EndGlobalSection
EndGlobal
