
Microsoft Visual Studio Solution File, Format Version 12.00
# Visual Studio Version 16
VisualStudioVersion = 16.0.30717.126
MinimumVisualStudioVersion = 10.0.40219.1
Project("{FAE04EC0-301F-11D3-BF4B-00C04F79EFBC}") = "College.Services", "College.Services\College.Services.csproj", "{5EAD1121-DCC4-4DAF-BE76-E9CDB54FBD16}"
EndProject
Project("{9A19103F-16F7-4668-BE54-9A1E7A4F7556}") = "CollegeApi.GrpcClient", "CollegeApi.GrpcClient\CollegeApi.GrpcClient.csproj", "{8EB787E5-C625-4986-B7D1-45CBC3F5932D}"
EndProject
Global
	GlobalSection(SolutionConfigurationPlatforms) = preSolution
		Debug|Any CPU = Debug|Any CPU
		Release|Any CPU = Release|Any CPU
	EndGlobalSection
	GlobalSection(ProjectConfigurationPlatforms) = postSolution
		{5EAD1121-DCC4-4DAF-BE76-E9CDB54FBD16}.Debug|Any CPU.ActiveCfg = Debug|Any CPU
		{5EAD1121-DCC4-4DAF-BE76-E9CDB54FBD16}.Debug|Any CPU.Build.0 = Debug|Any CPU
		{5EAD1121-DCC4-4DAF-BE76-E9CDB54FBD16}.Release|Any CPU.ActiveCfg = Release|Any CPU
		{5EAD1121-DCC4-4DAF-BE76-E9CDB54FBD16}.Release|Any CPU.Build.0 = Release|Any CPU
		{8EB787E5-C625-4986-B7D1-45CBC3F5932D}.Debug|Any CPU.ActiveCfg = Debug|Any CPU
		{8EB787E5-C625-4986-B7D1-45CBC3F5932D}.Debug|Any CPU.Build.0 = Debug|Any CPU
		{8EB787E5-C625-4986-B7D1-45CBC3F5932D}.Release|Any CPU.ActiveCfg = Release|Any CPU
		{8EB787E5-C625-4986-B7D1-45CBC3F5932D}.Release|Any CPU.Build.0 = Release|Any CPU
	EndGlobalSection
	GlobalSection(SolutionProperties) = preSolution
		HideSolutionNode = FALSE
	EndGlobalSection
	GlobalSection(ExtensibilityGlobals) = postSolution
		SolutionGuid = {AFAFD57F-8E67-4870-B125-7FCD4C5C9FED}
	EndGlobalSection
EndGlobal
