
Microsoft Visual Studio Solution File, Format Version 12.00
# Visual Studio Version 16
VisualStudioVersion = 16.0.30413.136
MinimumVisualStudioVersion = 10.0.40219.1
Project("{2150E333-8FDC-42A3-9474-1A3956D46DE8}") = "Documentation", "Documentation", "{F56998EF-28B1-43C6-A6D9-FC5D6B327BB9}"
EndProject
Project("{2150E333-8FDC-42A3-9474-1A3956D46DE8}") = "Source", "Source", "{283B2DBD-0801-47AF-B843-3AD8BB540234}"
EndProject
Project("{FAE04EC0-301F-11D3-BF4B-00C04F79EFBC}") = "College.WebAPI", "Source\College.WebAPI\College.WebAPI.csproj", "{968540CF-ABD9-41BC-9EFE-D5B34BB58C31}"
EndProject
Global
	GlobalSection(SolutionConfigurationPlatforms) = preSolution
		Debug|Any CPU = Debug|Any CPU
		Release|Any CPU = Release|Any CPU
	EndGlobalSection
	GlobalSection(ProjectConfigurationPlatforms) = postSolution
		{968540CF-ABD9-41BC-9EFE-D5B34BB58C31}.Debug|Any CPU.ActiveCfg = Debug|Any CPU
		{968540CF-ABD9-41BC-9EFE-D5B34BB58C31}.Debug|Any CPU.Build.0 = Debug|Any CPU
		{968540CF-ABD9-41BC-9EFE-D5B34BB58C31}.Release|Any CPU.ActiveCfg = Release|Any CPU
		{968540CF-ABD9-41BC-9EFE-D5B34BB58C31}.Release|Any CPU.Build.0 = Release|Any CPU
	EndGlobalSection
	GlobalSection(SolutionProperties) = preSolution
		HideSolutionNode = FALSE
	EndGlobalSection
	GlobalSection(NestedProjects) = preSolution
		{968540CF-ABD9-41BC-9EFE-D5B34BB58C31} = {283B2DBD-0801-47AF-B843-3AD8BB540234}
	EndGlobalSection
	GlobalSection(ExtensibilityGlobals) = postSolution
		SolutionGuid = {E13CFF8D-B2DA-4833-BFF4-BD345740FBD3}
	EndGlobalSection
EndGlobal
