
Microsoft Visual Studio Solution File, Format Version 12.00
# Visual Studio Version 16
VisualStudioVersion = 16.0.30717.126
MinimumVisualStudioVersion = 10.0.40219.1
Project("{9A19103F-16F7-4668-BE54-9A1E7A4F7556}") = "GrpcGreeter", "GrpcGreeter\GrpcGreeter.csproj", "{4E42104B-9E0E-459B-B064-478040B7F7B0}"
EndProject
Project("{9A19103F-16F7-4668-BE54-9A1E7A4F7556}") = "GrpcGreeterClient", "GrpcGreeterClient\GrpcGreeterClient.csproj", "{7835F8F5-2974-46AB-98D4-11FC5BC891A2}"
EndProject
Global
	GlobalSection(SolutionConfigurationPlatforms) = preSolution
		Debug|Any CPU = Debug|Any CPU
		Release|Any CPU = Release|Any CPU
	EndGlobalSection
	GlobalSection(ProjectConfigurationPlatforms) = postSolution
		{4E42104B-9E0E-459B-B064-478040B7F7B0}.Debug|Any CPU.ActiveCfg = Debug|Any CPU
		{4E42104B-9E0E-459B-B064-478040B7F7B0}.Debug|Any CPU.Build.0 = Debug|Any CPU
		{4E42104B-9E0E-459B-B064-478040B7F7B0}.Release|Any CPU.ActiveCfg = Release|Any CPU
		{4E42104B-9E0E-459B-B064-478040B7F7B0}.Release|Any CPU.Build.0 = Release|Any CPU
		{7835F8F5-2974-46AB-98D4-11FC5BC891A2}.Debug|Any CPU.ActiveCfg = Debug|Any CPU
		{7835F8F5-2974-46AB-98D4-11FC5BC891A2}.Debug|Any CPU.Build.0 = Debug|Any CPU
		{7835F8F5-2974-46AB-98D4-11FC5BC891A2}.Release|Any CPU.ActiveCfg = Release|Any CPU
		{7835F8F5-2974-46AB-98D4-11FC5BC891A2}.Release|Any CPU.Build.0 = Release|Any CPU
	EndGlobalSection
	GlobalSection(SolutionProperties) = preSolution
		HideSolutionNode = FALSE
	EndGlobalSection
	GlobalSection(ExtensibilityGlobals) = postSolution
		SolutionGuid = {D835362C-5ECA-44AE-8EF5-552829B6E2E4}
	EndGlobalSection
EndGlobal
