
Microsoft Visual Studio Solution File, Format Version 12.00
# Visual Studio Version 16
VisualStudioVersion = 16.0.30225.117
MinimumVisualStudioVersion = 10.0.40219.1
Project("{2150E333-8FDC-42A3-9474-1A3956D46DE8}") = "Solution Items", "Solution Items", "{F34D78D5-097A-4913-A777-5B63658C7688}"
	ProjectSection(SolutionItems) = preProject
		ReadMe.md = ReadMe.md
	EndProjectSection
EndProject
Project("{2150E333-8FDC-42A3-9474-1A3956D46DE8}") = "Documentation", "Documentation", "{373AF119-78F6-4FA0-BC94-0D7122966A93}"
EndProject
Project("{2150E333-8FDC-42A3-9474-1A3956D46DE8}") = "Source", "Source", "{7E33B624-C975-4D89-B0ED-7631F66B56E4}"
EndProject
Project("{2150E333-8FDC-42A3-9474-1A3956D46DE8}") = "SQLScripts", "SQLScripts", "{FEE77194-892E-44F8-AC1B-94459AC3617D}"
EndProject
Project("{9A19103F-16F7-4668-BE54-9A1E7A4F7556}") = "College.Core", "Source\College.Core\College.Core.csproj", "{9ECCA047-C464-4D6E-B55E-350EECB4B898}"
EndProject
Project("{9A19103F-16F7-4668-BE54-9A1E7A4F7556}") = "College.BLL", "Source\College.BLL\College.BLL.csproj", "{3F05F823-2B82-429E-9BA4-68C3BB1DFDE3}"
EndProject
Project("{9A19103F-16F7-4668-BE54-9A1E7A4F7556}") = "College.DAL", "Source\College.DAL\College.DAL.csproj", "{C401BE41-68C7-4BD9-A1EF-F6589097BFCE}"
EndProject
Project("{9A19103F-16F7-4668-BE54-9A1E7A4F7556}") = "College.Service", "Source\College.Service\College.Service.csproj", "{074D05F2-CB08-465D-B597-2B88F9693BBC}"
EndProject
Global
	GlobalSection(SolutionConfigurationPlatforms) = preSolution
		Debug|Any CPU = Debug|Any CPU
		Release|Any CPU = Release|Any CPU
	EndGlobalSection
	GlobalSection(ProjectConfigurationPlatforms) = postSolution
		{9ECCA047-C464-4D6E-B55E-350EECB4B898}.Debug|Any CPU.ActiveCfg = Debug|Any CPU
		{9ECCA047-C464-4D6E-B55E-350EECB4B898}.Debug|Any CPU.Build.0 = Debug|Any CPU
		{9ECCA047-C464-4D6E-B55E-350EECB4B898}.Release|Any CPU.ActiveCfg = Release|Any CPU
		{9ECCA047-C464-4D6E-B55E-350EECB4B898}.Release|Any CPU.Build.0 = Release|Any CPU
		{3F05F823-2B82-429E-9BA4-68C3BB1DFDE3}.Debug|Any CPU.ActiveCfg = Debug|Any CPU
		{3F05F823-2B82-429E-9BA4-68C3BB1DFDE3}.Debug|Any CPU.Build.0 = Debug|Any CPU
		{3F05F823-2B82-429E-9BA4-68C3BB1DFDE3}.Release|Any CPU.ActiveCfg = Release|Any CPU
		{3F05F823-2B82-429E-9BA4-68C3BB1DFDE3}.Release|Any CPU.Build.0 = Release|Any CPU
		{C401BE41-68C7-4BD9-A1EF-F6589097BFCE}.Debug|Any CPU.ActiveCfg = Debug|Any CPU
		{C401BE41-68C7-4BD9-A1EF-F6589097BFCE}.Debug|Any CPU.Build.0 = Debug|Any CPU
		{C401BE41-68C7-4BD9-A1EF-F6589097BFCE}.Release|Any CPU.ActiveCfg = Release|Any CPU
		{C401BE41-68C7-4BD9-A1EF-F6589097BFCE}.Release|Any CPU.Build.0 = Release|Any CPU
		{074D05F2-CB08-465D-B597-2B88F9693BBC}.Debug|Any CPU.ActiveCfg = Debug|Any CPU
		{074D05F2-CB08-465D-B597-2B88F9693BBC}.Debug|Any CPU.Build.0 = Debug|Any CPU
		{074D05F2-CB08-465D-B597-2B88F9693BBC}.Release|Any CPU.ActiveCfg = Release|Any CPU
		{074D05F2-CB08-465D-B597-2B88F9693BBC}.Release|Any CPU.Build.0 = Release|Any CPU
	EndGlobalSection
	GlobalSection(SolutionProperties) = preSolution
		HideSolutionNode = FALSE
	EndGlobalSection
	GlobalSection(NestedProjects) = preSolution
		{9ECCA047-C464-4D6E-B55E-350EECB4B898} = {7E33B624-C975-4D89-B0ED-7631F66B56E4}
		{3F05F823-2B82-429E-9BA4-68C3BB1DFDE3} = {7E33B624-C975-4D89-B0ED-7631F66B56E4}
		{C401BE41-68C7-4BD9-A1EF-F6589097BFCE} = {7E33B624-C975-4D89-B0ED-7631F66B56E4}
		{074D05F2-CB08-465D-B597-2B88F9693BBC} = {7E33B624-C975-4D89-B0ED-7631F66B56E4}
	EndGlobalSection
	GlobalSection(ExtensibilityGlobals) = postSolution
		SolutionGuid = {2EF8DFB8-AC39-4EE2-89EA-20B6D73307CB}
	EndGlobalSection
EndGlobal
