
Microsoft Visual Studio Solution File, Format Version 12.00
# Visual Studio Version 16
VisualStudioVersion = 16.0.30413.136
MinimumVisualStudioVersion = 10.0.40219.1
Project("{2150E333-8FDC-42A3-9474-1A3956D46DE8}") = "Source", "Source", "{5F19E4B0-78A0-43E4-846A-3AE16D4B71F5}"
EndProject
Project("{2150E333-8FDC-42A3-9474-1A3956D46DE8}") = "1Common", "1Common", "{A6347AA3-59E9-4A53-B1DE-66A8A2DAF1A3}"
EndProject
Project("{2150E333-8FDC-42A3-9474-1A3956D46DE8}") = "2WebAPI", "2WebAPI", "{B67D42C4-D78B-465F-8B57-746BF0EB605E}"
EndProject
Project("{2150E333-8FDC-42A3-9474-1A3956D46DE8}") = "3gRPCService", "3gRPCService", "{C140C206-4182-4A86-961B-5E3339E43E72}"
EndProject
Project("{2150E333-8FDC-42A3-9474-1A3956D46DE8}") = "4ConsoleClient", "4ConsoleClient", "{B3ADC9BA-DBB2-424F-9E96-C18426A14EC4}"
EndProject
Project("{2150E333-8FDC-42A3-9474-1A3956D46DE8}") = "5WorkerService", "5WorkerService", "{420D704A-1B45-4077-A331-2BD6AEA8C14F}"
EndProject
Project("{9A19103F-16F7-4668-BE54-9A1E7A4F7556}") = "College.Core", "Source\1Common\College.Core\College.Core.csproj", "{CE13CFEA-9B9C-47B4-9A46-A2C16F7643D8}"
EndProject
Project("{9A19103F-16F7-4668-BE54-9A1E7A4F7556}") = "College.DAL", "Source\1Common\College.DAL\College.DAL.csproj", "{9B115300-81EE-4CBF-969C-1AB7CFE66B43}"
EndProject
Project("{9A19103F-16F7-4668-BE54-9A1E7A4F7556}") = "College.BLL", "Source\1Common\College.BLL\College.BLL.csproj", "{82E9E186-9767-4846-B3D4-FD8A8FCE5F3F}"
EndProject
Project("{9A19103F-16F7-4668-BE54-9A1E7A4F7556}") = "ClientApps.Common", "Source\1Common\ClientApps.Common\ClientApps.Common.csproj", "{948ECF8B-F481-47EE-B2B3-9F7BC0333C8D}"
EndProject
Project("{FAE04EC0-301F-11D3-BF4B-00C04F79EFBC}") = "College.WebAPI", "Source\2WebAPI\College.WebAPI\College.WebAPI.csproj", "{D217F8AC-8BBA-4C08-BEB0-05CA776AA97A}"
EndProject
Project("{9A19103F-16F7-4668-BE54-9A1E7A4F7556}") = "College.GrpcServer", "Source\3gRPCService\College.GrpcServer\College.GrpcServer.csproj", "{6370ACAD-ABF6-453F-A5FE-F148C7F0A751}"
EndProject
Project("{9A19103F-16F7-4668-BE54-9A1E7A4F7556}") = "CollegeGrpc.ConsoleClient", "Source\4ConsoleClient\CollegeGrpc.ConsoleClient\CollegeGrpc.ConsoleClient.csproj", "{52F8F295-680C-4123-8CA8-1954280F4ABE}"
EndProject
Global
	GlobalSection(SolutionConfigurationPlatforms) = preSolution
		Debug|Any CPU = Debug|Any CPU
		Release|Any CPU = Release|Any CPU
	EndGlobalSection
	GlobalSection(ProjectConfigurationPlatforms) = postSolution
		{CE13CFEA-9B9C-47B4-9A46-A2C16F7643D8}.Debug|Any CPU.ActiveCfg = Debug|Any CPU
		{CE13CFEA-9B9C-47B4-9A46-A2C16F7643D8}.Debug|Any CPU.Build.0 = Debug|Any CPU
		{CE13CFEA-9B9C-47B4-9A46-A2C16F7643D8}.Release|Any CPU.ActiveCfg = Release|Any CPU
		{CE13CFEA-9B9C-47B4-9A46-A2C16F7643D8}.Release|Any CPU.Build.0 = Release|Any CPU
		{9B115300-81EE-4CBF-969C-1AB7CFE66B43}.Debug|Any CPU.ActiveCfg = Debug|Any CPU
		{9B115300-81EE-4CBF-969C-1AB7CFE66B43}.Debug|Any CPU.Build.0 = Debug|Any CPU
		{9B115300-81EE-4CBF-969C-1AB7CFE66B43}.Release|Any CPU.ActiveCfg = Release|Any CPU
		{9B115300-81EE-4CBF-969C-1AB7CFE66B43}.Release|Any CPU.Build.0 = Release|Any CPU
		{82E9E186-9767-4846-B3D4-FD8A8FCE5F3F}.Debug|Any CPU.ActiveCfg = Debug|Any CPU
		{82E9E186-9767-4846-B3D4-FD8A8FCE5F3F}.Debug|Any CPU.Build.0 = Debug|Any CPU
		{82E9E186-9767-4846-B3D4-FD8A8FCE5F3F}.Release|Any CPU.ActiveCfg = Release|Any CPU
		{82E9E186-9767-4846-B3D4-FD8A8FCE5F3F}.Release|Any CPU.Build.0 = Release|Any CPU
		{948ECF8B-F481-47EE-B2B3-9F7BC0333C8D}.Debug|Any CPU.ActiveCfg = Debug|Any CPU
		{948ECF8B-F481-47EE-B2B3-9F7BC0333C8D}.Debug|Any CPU.Build.0 = Debug|Any CPU
		{948ECF8B-F481-47EE-B2B3-9F7BC0333C8D}.Release|Any CPU.ActiveCfg = Release|Any CPU
		{948ECF8B-F481-47EE-B2B3-9F7BC0333C8D}.Release|Any CPU.Build.0 = Release|Any CPU
		{D217F8AC-8BBA-4C08-BEB0-05CA776AA97A}.Debug|Any CPU.ActiveCfg = Debug|Any CPU
		{D217F8AC-8BBA-4C08-BEB0-05CA776AA97A}.Debug|Any CPU.Build.0 = Debug|Any CPU
		{D217F8AC-8BBA-4C08-BEB0-05CA776AA97A}.Release|Any CPU.ActiveCfg = Release|Any CPU
		{D217F8AC-8BBA-4C08-BEB0-05CA776AA97A}.Release|Any CPU.Build.0 = Release|Any CPU
		{6370ACAD-ABF6-453F-A5FE-F148C7F0A751}.Debug|Any CPU.ActiveCfg = Debug|Any CPU
		{6370ACAD-ABF6-453F-A5FE-F148C7F0A751}.Debug|Any CPU.Build.0 = Debug|Any CPU
		{6370ACAD-ABF6-453F-A5FE-F148C7F0A751}.Release|Any CPU.ActiveCfg = Release|Any CPU
		{6370ACAD-ABF6-453F-A5FE-F148C7F0A751}.Release|Any CPU.Build.0 = Release|Any CPU
		{52F8F295-680C-4123-8CA8-1954280F4ABE}.Debug|Any CPU.ActiveCfg = Debug|Any CPU
		{52F8F295-680C-4123-8CA8-1954280F4ABE}.Debug|Any CPU.Build.0 = Debug|Any CPU
		{52F8F295-680C-4123-8CA8-1954280F4ABE}.Release|Any CPU.ActiveCfg = Release|Any CPU
		{52F8F295-680C-4123-8CA8-1954280F4ABE}.Release|Any CPU.Build.0 = Release|Any CPU
	EndGlobalSection
	GlobalSection(SolutionProperties) = preSolution
		HideSolutionNode = FALSE
	EndGlobalSection
	GlobalSection(NestedProjects) = preSolution
		{A6347AA3-59E9-4A53-B1DE-66A8A2DAF1A3} = {5F19E4B0-78A0-43E4-846A-3AE16D4B71F5}
		{B67D42C4-D78B-465F-8B57-746BF0EB605E} = {5F19E4B0-78A0-43E4-846A-3AE16D4B71F5}
		{C140C206-4182-4A86-961B-5E3339E43E72} = {5F19E4B0-78A0-43E4-846A-3AE16D4B71F5}
		{B3ADC9BA-DBB2-424F-9E96-C18426A14EC4} = {5F19E4B0-78A0-43E4-846A-3AE16D4B71F5}
		{420D704A-1B45-4077-A331-2BD6AEA8C14F} = {5F19E4B0-78A0-43E4-846A-3AE16D4B71F5}
		{CE13CFEA-9B9C-47B4-9A46-A2C16F7643D8} = {A6347AA3-59E9-4A53-B1DE-66A8A2DAF1A3}
		{9B115300-81EE-4CBF-969C-1AB7CFE66B43} = {A6347AA3-59E9-4A53-B1DE-66A8A2DAF1A3}
		{82E9E186-9767-4846-B3D4-FD8A8FCE5F3F} = {A6347AA3-59E9-4A53-B1DE-66A8A2DAF1A3}
		{948ECF8B-F481-47EE-B2B3-9F7BC0333C8D} = {A6347AA3-59E9-4A53-B1DE-66A8A2DAF1A3}
		{D217F8AC-8BBA-4C08-BEB0-05CA776AA97A} = {B67D42C4-D78B-465F-8B57-746BF0EB605E}
		{6370ACAD-ABF6-453F-A5FE-F148C7F0A751} = {C140C206-4182-4A86-961B-5E3339E43E72}
		{52F8F295-680C-4123-8CA8-1954280F4ABE} = {B3ADC9BA-DBB2-424F-9E96-C18426A14EC4}
	EndGlobalSection
	GlobalSection(ExtensibilityGlobals) = postSolution
		SolutionGuid = {C4E92B06-6ED3-4EF6-B21E-EB5172A5902B}
	EndGlobalSection
EndGlobal
