
Microsoft Visual Studio Solution File, Format Version 12.00
# Visual Studio Version 16
VisualStudioVersion = 16.0.30309.148
MinimumVisualStudioVersion = 10.0.40219.1
Project("{2150E333-8FDC-42A3-9474-1A3956D46DE8}") = "Source", "Source", "{566AADCA-4109-475E-AF0F-50C5E7144AB6}"
EndProject
Project("{2150E333-8FDC-42A3-9474-1A3956D46DE8}") = "Solution Items", "Solution Items", "{00291895-F438-46C1-98AB-7487E994947E}"
	ProjectSection(SolutionItems) = preProject
		.gitignore = .gitignore
		README.md = README.md
	EndProjectSection
EndProject
Project("{2150E333-8FDC-42A3-9474-1A3956D46DE8}") = "Documentation", "Documentation", "{324603C2-E5B6-4D4B-9571-4E4D98CD949F}"
EndProject
Project("{2150E333-8FDC-42A3-9474-1A3956D46DE8}") = "SQLScripts", "SQLScripts", "{D6524AF5-0A83-4CBA-A781-78AC96930600}"
	ProjectSection(SolutionItems) = preProject
		SQLScripts\1Create_Professors.sql = SQLScripts\1Create_Professors.sql
		SQLScripts\2Create_Students.sql = SQLScripts\2Create_Students.sql
		SQLScripts\3Insert_Professors.sql = SQLScripts\3Insert_Professors.sql
		SQLScripts\4Insert_Students.sql = SQLScripts\4Insert_Students.sql
		SQLScripts\5Create_AddressBook.sql = SQLScripts\5Create_AddressBook.sql
		SQLScripts\Create_Database.sql = SQLScripts\Create_Database.sql
		SQLScripts\GeneralQueries.sql = SQLScripts\GeneralQueries.sql
	EndProjectSection
EndProject
Project("{2150E333-8FDC-42A3-9474-1A3956D46DE8}") = "Images", "Images", "{2E8E88DA-726C-44B2-8AE8-F305A5564815}"
	ProjectSection(SolutionItems) = preProject
		Documentation\Images\AppDashboard.PNG = Documentation\Images\AppDashboard.PNG
		Documentation\Images\AppListView.PNG = Documentation\Images\AppListView.PNG
	EndProjectSection
EndProject
Project("{2150E333-8FDC-42A3-9474-1A3956D46DE8}") = "1Common", "1Common", "{FBD575B8-196D-4FFA-A508-68E51EACBD14}"
EndProject
Project("{2150E333-8FDC-42A3-9474-1A3956D46DE8}") = "2RestWebAPI", "2RestWebAPI", "{825B2C62-1A64-4209-B68D-950755A71FC0}"
EndProject
Project("{FAE04EC0-301F-11D3-BF4B-00C04F79EFBC}") = "College.Core", "Source\1Common\College.Core\College.Core.csproj", "{C6CDE79D-503D-48CA-87CF-F86E2CDDD65C}"
EndProject
Project("{FAE04EC0-301F-11D3-BF4B-00C04F79EFBC}") = "College.DAL", "Source\1Common\College.DAL\College.DAL.csproj", "{DA63BD57-11B6-4EA7-ADD0-A8A6A74B70BE}"
EndProject
Project("{FAE04EC0-301F-11D3-BF4B-00C04F79EFBC}") = "College.BLL", "Source\1Common\College.BLL\College.BLL.csproj", "{F0295F1D-C2EC-4393-BDB9-DE9C81955D1F}"
EndProject
Project("{FAE04EC0-301F-11D3-BF4B-00C04F79EFBC}") = "College.WebAPI", "Source\2RestWebAPI\College.WebAPI\College.WebAPI.csproj", "{C4592D36-EB88-4C63-A2A0-5709FC9B0920}"
EndProject
Global
	GlobalSection(SolutionConfigurationPlatforms) = preSolution
		Debug|Any CPU = Debug|Any CPU
		Release|Any CPU = Release|Any CPU
	EndGlobalSection
	GlobalSection(ProjectConfigurationPlatforms) = postSolution
		{C6CDE79D-503D-48CA-87CF-F86E2CDDD65C}.Debug|Any CPU.ActiveCfg = Debug|Any CPU
		{C6CDE79D-503D-48CA-87CF-F86E2CDDD65C}.Debug|Any CPU.Build.0 = Debug|Any CPU
		{C6CDE79D-503D-48CA-87CF-F86E2CDDD65C}.Release|Any CPU.ActiveCfg = Release|Any CPU
		{C6CDE79D-503D-48CA-87CF-F86E2CDDD65C}.Release|Any CPU.Build.0 = Release|Any CPU
		{DA63BD57-11B6-4EA7-ADD0-A8A6A74B70BE}.Debug|Any CPU.ActiveCfg = Debug|Any CPU
		{DA63BD57-11B6-4EA7-ADD0-A8A6A74B70BE}.Debug|Any CPU.Build.0 = Debug|Any CPU
		{DA63BD57-11B6-4EA7-ADD0-A8A6A74B70BE}.Release|Any CPU.ActiveCfg = Release|Any CPU
		{DA63BD57-11B6-4EA7-ADD0-A8A6A74B70BE}.Release|Any CPU.Build.0 = Release|Any CPU
		{F0295F1D-C2EC-4393-BDB9-DE9C81955D1F}.Debug|Any CPU.ActiveCfg = Debug|Any CPU
		{F0295F1D-C2EC-4393-BDB9-DE9C81955D1F}.Debug|Any CPU.Build.0 = Debug|Any CPU
		{F0295F1D-C2EC-4393-BDB9-DE9C81955D1F}.Release|Any CPU.ActiveCfg = Release|Any CPU
		{F0295F1D-C2EC-4393-BDB9-DE9C81955D1F}.Release|Any CPU.Build.0 = Release|Any CPU
		{C4592D36-EB88-4C63-A2A0-5709FC9B0920}.Debug|Any CPU.ActiveCfg = Debug|Any CPU
		{C4592D36-EB88-4C63-A2A0-5709FC9B0920}.Debug|Any CPU.Build.0 = Debug|Any CPU
		{C4592D36-EB88-4C63-A2A0-5709FC9B0920}.Release|Any CPU.ActiveCfg = Release|Any CPU
		{C4592D36-EB88-4C63-A2A0-5709FC9B0920}.Release|Any CPU.Build.0 = Release|Any CPU
	EndGlobalSection
	GlobalSection(SolutionProperties) = preSolution
		HideSolutionNode = FALSE
	EndGlobalSection
	GlobalSection(NestedProjects) = preSolution
		{2E8E88DA-726C-44B2-8AE8-F305A5564815} = {324603C2-E5B6-4D4B-9571-4E4D98CD949F}
		{FBD575B8-196D-4FFA-A508-68E51EACBD14} = {566AADCA-4109-475E-AF0F-50C5E7144AB6}
		{825B2C62-1A64-4209-B68D-950755A71FC0} = {566AADCA-4109-475E-AF0F-50C5E7144AB6}
		{C6CDE79D-503D-48CA-87CF-F86E2CDDD65C} = {FBD575B8-196D-4FFA-A508-68E51EACBD14}
		{DA63BD57-11B6-4EA7-ADD0-A8A6A74B70BE} = {FBD575B8-196D-4FFA-A508-68E51EACBD14}
		{F0295F1D-C2EC-4393-BDB9-DE9C81955D1F} = {FBD575B8-196D-4FFA-A508-68E51EACBD14}
		{C4592D36-EB88-4C63-A2A0-5709FC9B0920} = {825B2C62-1A64-4209-B68D-950755A71FC0}
	EndGlobalSection
	GlobalSection(ExtensibilityGlobals) = postSolution
		SolutionGuid = {E0DC0899-26DA-4086-9E39-CBE387948C00}
	EndGlobalSection
EndGlobal
