
Microsoft Visual Studio Solution File, Format Version 12.00
# Visual Studio Version 16
VisualStudioVersion = 16.0.30309.148
MinimumVisualStudioVersion = 10.0.40219.1
Project("{2150E333-8FDC-42A3-9474-1A3956D46DE8}") = "Source", "Source", "{566AADCA-4109-475E-AF0F-50C5E7144AB6}"
EndProject
Project("{9A19103F-16F7-4668-BE54-9A1E7A4F7556}") = "College.WebAPI", "College.WebAPI\College.WebAPI.csproj", "{78B3D249-D795-4532-BC85-FD05B4D3AF76}"
EndProject
Project("{2150E333-8FDC-42A3-9474-1A3956D46DE8}") = "SQLScripts", "SQLScripts", "{01583946-C96C-49E0-802B-D001847D897A}"
	ProjectSection(SolutionItems) = preProject
		..\SQLScripts\1Create_Professors.sql = ..\SQLScripts\1Create_Professors.sql
		..\SQLScripts\2Create_Students.sql = ..\SQLScripts\2Create_Students.sql
		..\SQLScripts\3Insert_Professors.sql = ..\SQLScripts\3Insert_Professors.sql
		..\SQLScripts\4Insert_Students.sql = ..\SQLScripts\4Insert_Students.sql
		..\SQLScripts\5Create_AddressBook.sql = ..\SQLScripts\5Create_AddressBook.sql
		..\SQLScripts\Create_Database.sql = ..\SQLScripts\Create_Database.sql
	EndProjectSection
EndProject
Project("{9A19103F-16F7-4668-BE54-9A1E7A4F7556}") = "College.Core", "College.Core\College.Core.csproj", "{38D962C1-02B6-4B7E-8FC4-B3FB0C4A91A2}"
EndProject
Project("{9A19103F-16F7-4668-BE54-9A1E7A4F7556}") = "College.BLL", "College.BLL\College.BLL.csproj", "{1D297C19-29EC-4EFD-9AE8-670071A16979}"
EndProject
Project("{9A19103F-16F7-4668-BE54-9A1E7A4F7556}") = "College.Cache.DAL", "College.Cache.DAL\College.Cache.DAL.csproj", "{5EC254D5-180D-4548-AA36-AF4507940142}"
EndProject
Project("{9A19103F-16F7-4668-BE54-9A1E7A4F7556}") = "College.SQLServer.DAL", "College.SQLServer.DAL\College.SQLServer.DAL.csproj", "{8594EF81-5B10-456E-944B-F5ED77DD6C51}"
EndProject
Project("{FAE04EC0-301F-11D3-BF4B-00C04F79EFBC}") = "College.CosmosDb.DAL", "College.CosmosDb.DAL\College.CosmosDb.DAL.csproj", "{11E4AC37-C9AA-400E-9D56-B436B6E2FD7B}"
EndProject
Global
	GlobalSection(SolutionConfigurationPlatforms) = preSolution
		Debug|Any CPU = Debug|Any CPU
		Release|Any CPU = Release|Any CPU
	EndGlobalSection
	GlobalSection(ProjectConfigurationPlatforms) = postSolution
		{78B3D249-D795-4532-BC85-FD05B4D3AF76}.Debug|Any CPU.ActiveCfg = Debug|Any CPU
		{78B3D249-D795-4532-BC85-FD05B4D3AF76}.Debug|Any CPU.Build.0 = Debug|Any CPU
		{78B3D249-D795-4532-BC85-FD05B4D3AF76}.Release|Any CPU.ActiveCfg = Release|Any CPU
		{78B3D249-D795-4532-BC85-FD05B4D3AF76}.Release|Any CPU.Build.0 = Release|Any CPU
		{38D962C1-02B6-4B7E-8FC4-B3FB0C4A91A2}.Debug|Any CPU.ActiveCfg = Debug|Any CPU
		{38D962C1-02B6-4B7E-8FC4-B3FB0C4A91A2}.Debug|Any CPU.Build.0 = Debug|Any CPU
		{38D962C1-02B6-4B7E-8FC4-B3FB0C4A91A2}.Release|Any CPU.ActiveCfg = Release|Any CPU
		{38D962C1-02B6-4B7E-8FC4-B3FB0C4A91A2}.Release|Any CPU.Build.0 = Release|Any CPU
		{1D297C19-29EC-4EFD-9AE8-670071A16979}.Debug|Any CPU.ActiveCfg = Debug|Any CPU
		{1D297C19-29EC-4EFD-9AE8-670071A16979}.Debug|Any CPU.Build.0 = Debug|Any CPU
		{1D297C19-29EC-4EFD-9AE8-670071A16979}.Release|Any CPU.ActiveCfg = Release|Any CPU
		{1D297C19-29EC-4EFD-9AE8-670071A16979}.Release|Any CPU.Build.0 = Release|Any CPU
		{5EC254D5-180D-4548-AA36-AF4507940142}.Debug|Any CPU.ActiveCfg = Debug|Any CPU
		{5EC254D5-180D-4548-AA36-AF4507940142}.Debug|Any CPU.Build.0 = Debug|Any CPU
		{5EC254D5-180D-4548-AA36-AF4507940142}.Release|Any CPU.ActiveCfg = Release|Any CPU
		{5EC254D5-180D-4548-AA36-AF4507940142}.Release|Any CPU.Build.0 = Release|Any CPU
		{8594EF81-5B10-456E-944B-F5ED77DD6C51}.Debug|Any CPU.ActiveCfg = Debug|Any CPU
		{8594EF81-5B10-456E-944B-F5ED77DD6C51}.Debug|Any CPU.Build.0 = Debug|Any CPU
		{8594EF81-5B10-456E-944B-F5ED77DD6C51}.Release|Any CPU.ActiveCfg = Release|Any CPU
		{8594EF81-5B10-456E-944B-F5ED77DD6C51}.Release|Any CPU.Build.0 = Release|Any CPU
		{11E4AC37-C9AA-400E-9D56-B436B6E2FD7B}.Debug|Any CPU.ActiveCfg = Debug|Any CPU
		{11E4AC37-C9AA-400E-9D56-B436B6E2FD7B}.Debug|Any CPU.Build.0 = Debug|Any CPU
		{11E4AC37-C9AA-400E-9D56-B436B6E2FD7B}.Release|Any CPU.ActiveCfg = Release|Any CPU
		{11E4AC37-C9AA-400E-9D56-B436B6E2FD7B}.Release|Any CPU.Build.0 = Release|Any CPU
	EndGlobalSection
	GlobalSection(SolutionProperties) = preSolution
		HideSolutionNode = FALSE
	EndGlobalSection
	GlobalSection(NestedProjects) = preSolution
		{78B3D249-D795-4532-BC85-FD05B4D3AF76} = {566AADCA-4109-475E-AF0F-50C5E7144AB6}
		{38D962C1-02B6-4B7E-8FC4-B3FB0C4A91A2} = {566AADCA-4109-475E-AF0F-50C5E7144AB6}
		{1D297C19-29EC-4EFD-9AE8-670071A16979} = {566AADCA-4109-475E-AF0F-50C5E7144AB6}
		{5EC254D5-180D-4548-AA36-AF4507940142} = {566AADCA-4109-475E-AF0F-50C5E7144AB6}
		{8594EF81-5B10-456E-944B-F5ED77DD6C51} = {566AADCA-4109-475E-AF0F-50C5E7144AB6}
		{11E4AC37-C9AA-400E-9D56-B436B6E2FD7B} = {566AADCA-4109-475E-AF0F-50C5E7144AB6}
	EndGlobalSection
	GlobalSection(ExtensibilityGlobals) = postSolution
		SolutionGuid = {E0DC0899-26DA-4086-9E39-CBE387948C00}
	EndGlobalSection
EndGlobal
