
Microsoft Visual Studio Solution File, Format Version 12.00
# Visual Studio Version 16
VisualStudioVersion = 16.0.30309.148
MinimumVisualStudioVersion = 10.0.40219.1
Project("{2150E333-8FDC-42A3-9474-1A3956D46DE8}") = "Source", "Source", "{566AADCA-4109-475E-AF0F-50C5E7144AB6}"
EndProject
Project("{2150E333-8FDC-42A3-9474-1A3956D46DE8}") = "Solution Items", "Solution Items", "{00291895-F438-46C1-98AB-7487E994947E}"
	ProjectSection(SolutionItems) = preProject
		.gitignore = .gitignore
		README.md = README.md
	EndProjectSection
EndProject
Project("{2150E333-8FDC-42A3-9474-1A3956D46DE8}") = "Documentation", "Documentation", "{324603C2-E5B6-4D4B-9571-4E4D98CD949F}"
EndProject
Project("{2150E333-8FDC-42A3-9474-1A3956D46DE8}") = "SQLScripts", "SQLScripts", "{D6524AF5-0A83-4CBA-A781-78AC96930600}"
	ProjectSection(SolutionItems) = preProject
		SQLScripts\1Create_Professors.sql = SQLScripts\1Create_Professors.sql
		SQLScripts\2Create_Students.sql = SQLScripts\2Create_Students.sql
		SQLScripts\3Insert_Professors.sql = SQLScripts\3Insert_Professors.sql
		SQLScripts\4Insert_Students.sql = SQLScripts\4Insert_Students.sql
		SQLScripts\5Create_AddressBook.sql = SQLScripts\5Create_AddressBook.sql
		SQLScripts\Create_Database.sql = SQLScripts\Create_Database.sql
		SQLScripts\GeneralQueries.sql = SQLScripts\GeneralQueries.sql
	EndProjectSection
EndProject
Project("{2150E333-8FDC-42A3-9474-1A3956D46DE8}") = "Images", "Images", "{2E8E88DA-726C-44B2-8AE8-F305A5564815}"
	ProjectSection(SolutionItems) = preProject
		Documentation\Images\AppDashboard.PNG = Documentation\Images\AppDashboard.PNG
		Documentation\Images\AppListView.PNG = Documentation\Images\AppListView.PNG
	EndProjectSection
EndProject
Project("{2150E333-8FDC-42A3-9474-1A3956D46DE8}") = "CollegeWebAPI", "CollegeWebAPI", "{86855563-EB67-4293-B5D7-A9C7D8418CD4}"
EndProject
Project("{2150E333-8FDC-42A3-9474-1A3956D46DE8}") = "CollegeWebAPP", "CollegeWebAPP", "{89364696-A919-432D-B091-2D90B8E24DB4}"
EndProject
Project("{FAE04EC0-301F-11D3-BF4B-00C04F79EFBC}") = "College.WebAPI", "Source\CollegeWebAPI\College.WebAPI\College.WebAPI.csproj", "{F23E2511-D761-4DD0-B05A-7713A91AAFAD}"
EndProject
Project("{FAE04EC0-301F-11D3-BF4B-00C04F79EFBC}") = "College.Core", "Source\CollegeWebAPI\College.Core\College.Core.csproj", "{C3E6CE5B-29BF-4F10-808D-4E8A2516AE3A}"
EndProject
Project("{FAE04EC0-301F-11D3-BF4B-00C04F79EFBC}") = "College.SQLServer.DAL", "Source\CollegeWebAPI\College.SQLServer.DAL\College.SQLServer.DAL.csproj", "{0C6F9C90-B3D4-4E27-8AF8-97D3C18947D0}"
EndProject
Project("{FAE04EC0-301F-11D3-BF4B-00C04F79EFBC}") = "College.BLL", "Source\CollegeWebAPI\College.BLL\College.BLL.csproj", "{AE890633-6822-49E0-9AD1-9AA721E26C55}"
EndProject
Project("{FAE04EC0-301F-11D3-BF4B-00C04F79EFBC}") = "College.Cache.DAL", "Source\CollegeWebAPI\College.Cache.DAL\College.Cache.DAL.csproj", "{FA9A258A-03B1-42FB-8A17-D86F546B09CA}"
EndProject
Global
	GlobalSection(SolutionConfigurationPlatforms) = preSolution
		Debug|Any CPU = Debug|Any CPU
		Release|Any CPU = Release|Any CPU
	EndGlobalSection
	GlobalSection(ProjectConfigurationPlatforms) = postSolution
		{F23E2511-D761-4DD0-B05A-7713A91AAFAD}.Debug|Any CPU.ActiveCfg = Debug|Any CPU
		{F23E2511-D761-4DD0-B05A-7713A91AAFAD}.Debug|Any CPU.Build.0 = Debug|Any CPU
		{F23E2511-D761-4DD0-B05A-7713A91AAFAD}.Release|Any CPU.ActiveCfg = Release|Any CPU
		{F23E2511-D761-4DD0-B05A-7713A91AAFAD}.Release|Any CPU.Build.0 = Release|Any CPU
		{C3E6CE5B-29BF-4F10-808D-4E8A2516AE3A}.Debug|Any CPU.ActiveCfg = Debug|Any CPU
		{C3E6CE5B-29BF-4F10-808D-4E8A2516AE3A}.Debug|Any CPU.Build.0 = Debug|Any CPU
		{C3E6CE5B-29BF-4F10-808D-4E8A2516AE3A}.Release|Any CPU.ActiveCfg = Release|Any CPU
		{C3E6CE5B-29BF-4F10-808D-4E8A2516AE3A}.Release|Any CPU.Build.0 = Release|Any CPU
		{0C6F9C90-B3D4-4E27-8AF8-97D3C18947D0}.Debug|Any CPU.ActiveCfg = Debug|Any CPU
		{0C6F9C90-B3D4-4E27-8AF8-97D3C18947D0}.Debug|Any CPU.Build.0 = Debug|Any CPU
		{0C6F9C90-B3D4-4E27-8AF8-97D3C18947D0}.Release|Any CPU.ActiveCfg = Release|Any CPU
		{0C6F9C90-B3D4-4E27-8AF8-97D3C18947D0}.Release|Any CPU.Build.0 = Release|Any CPU
		{AE890633-6822-49E0-9AD1-9AA721E26C55}.Debug|Any CPU.ActiveCfg = Debug|Any CPU
		{AE890633-6822-49E0-9AD1-9AA721E26C55}.Debug|Any CPU.Build.0 = Debug|Any CPU
		{AE890633-6822-49E0-9AD1-9AA721E26C55}.Release|Any CPU.ActiveCfg = Release|Any CPU
		{AE890633-6822-49E0-9AD1-9AA721E26C55}.Release|Any CPU.Build.0 = Release|Any CPU
		{FA9A258A-03B1-42FB-8A17-D86F546B09CA}.Debug|Any CPU.ActiveCfg = Debug|Any CPU
		{FA9A258A-03B1-42FB-8A17-D86F546B09CA}.Debug|Any CPU.Build.0 = Debug|Any CPU
		{FA9A258A-03B1-42FB-8A17-D86F546B09CA}.Release|Any CPU.ActiveCfg = Release|Any CPU
		{FA9A258A-03B1-42FB-8A17-D86F546B09CA}.Release|Any CPU.Build.0 = Release|Any CPU
	EndGlobalSection
	GlobalSection(SolutionProperties) = preSolution
		HideSolutionNode = FALSE
	EndGlobalSection
	GlobalSection(NestedProjects) = preSolution
		{2E8E88DA-726C-44B2-8AE8-F305A5564815} = {324603C2-E5B6-4D4B-9571-4E4D98CD949F}
		{86855563-EB67-4293-B5D7-A9C7D8418CD4} = {566AADCA-4109-475E-AF0F-50C5E7144AB6}
		{89364696-A919-432D-B091-2D90B8E24DB4} = {566AADCA-4109-475E-AF0F-50C5E7144AB6}
		{F23E2511-D761-4DD0-B05A-7713A91AAFAD} = {86855563-EB67-4293-B5D7-A9C7D8418CD4}
		{C3E6CE5B-29BF-4F10-808D-4E8A2516AE3A} = {86855563-EB67-4293-B5D7-A9C7D8418CD4}
		{0C6F9C90-B3D4-4E27-8AF8-97D3C18947D0} = {86855563-EB67-4293-B5D7-A9C7D8418CD4}
		{AE890633-6822-49E0-9AD1-9AA721E26C55} = {86855563-EB67-4293-B5D7-A9C7D8418CD4}
		{FA9A258A-03B1-42FB-8A17-D86F546B09CA} = {86855563-EB67-4293-B5D7-A9C7D8418CD4}
	EndGlobalSection
	GlobalSection(ExtensibilityGlobals) = postSolution
		SolutionGuid = {E0DC0899-26DA-4086-9E39-CBE387948C00}
	EndGlobalSection
EndGlobal
