
Microsoft Visual Studio Solution File, Format Version 12.00
# Visual Studio Version 16
VisualStudioVersion = 16.0.30104.148
MinimumVisualStudioVersion = 10.0.40219.1
Project("{2150E333-8FDC-42A3-9474-1A3956D46DE8}") = "Source", "Source", "{251D7E99-9447-46AA-8629-224F0126C136}"
EndProject
Project("{2150E333-8FDC-42A3-9474-1A3956D46DE8}") = "Documentation", "Documentation", "{93832BF3-9975-4F48-A327-99133ECF4CDC}"
	ProjectSection(SolutionItems) = preProject
		..\Documentation\gRPC_Service_Logging_ErrorHandling.pptx = ..\Documentation\gRPC_Service_Logging_ErrorHandling.pptx
	EndProjectSection
EndProject
Project("{2150E333-8FDC-42A3-9474-1A3956D46DE8}") = "SQLScripts", "SQLScripts", "{606F8525-7C70-406D-939A-5E4B9897C531}"
	ProjectSection(SolutionItems) = preProject
		..\SQLScripts\1Create_Professors.sql = ..\SQLScripts\1Create_Professors.sql
		..\SQLScripts\2Create_Students.sql = ..\SQLScripts\2Create_Students.sql
		..\SQLScripts\3Insert_Professors.sql = ..\SQLScripts\3Insert_Professors.sql
		..\SQLScripts\4Insert_Students.sql = ..\SQLScripts\4Insert_Students.sql
		..\SQLScripts\5Create_AddressBook.sql = ..\SQLScripts\5Create_AddressBook.sql
		..\SQLScripts\Create_Database.sql = ..\SQLScripts\Create_Database.sql
	EndProjectSection
EndProject
Project("{2150E333-8FDC-42A3-9474-1A3956D46DE8}") = "2ConsoleClient", "2ConsoleClient", "{FE2FC503-7949-4D78-976E-2C178B1BE4C8}"
EndProject
Project("{2150E333-8FDC-42A3-9474-1A3956D46DE8}") = "1Server", "1Server", "{E5AEF6D7-E8A7-4DAC-9B04-126D10523EFC}"
EndProject
Project("{2150E333-8FDC-42A3-9474-1A3956D46DE8}") = "3Common", "3Common", "{CDC56E18-429C-4935-A1E0-2378515169B2}"
EndProject
Project("{2150E333-8FDC-42A3-9474-1A3956D46DE8}") = "Solution Items", "Solution Items", "{86DDE72F-7FB9-4380-88A3-D179715FB341}"
	ProjectSection(SolutionItems) = preProject
		..\.gitignore = ..\.gitignore
	EndProjectSection
EndProject
Project("{2150E333-8FDC-42A3-9474-1A3956D46DE8}") = "4WebAppClient", "4WebAppClient", "{B988A60F-79D6-4D85-B69B-76910230C1FB}"
EndProject
Project("{2150E333-8FDC-42A3-9474-1A3956D46DE8}") = "5RestWebAPIgRPC", "5RestWebAPIgRPC", "{6417A803-F98D-41C5-9F5C-DDC2D00E1300}"
EndProject
Project("{9A19103F-16F7-4668-BE54-9A1E7A4F7556}") = "College.ApplicationCore", "3Common\College.ApplicationCore\College.ApplicationCore.csproj", "{CFC79F9E-545D-4653-A861-C6AF34A8B958}"
EndProject
Project("{9A19103F-16F7-4668-BE54-9A1E7A4F7556}") = "College.ServerBLL", "3Common\College.ServerBLL\College.ServerBLL.csproj", "{D219ED0F-1F3D-4FB2-B887-3B6480B81ED6}"
EndProject
Project("{9A19103F-16F7-4668-BE54-9A1E7A4F7556}") = "College.ServerDAL", "3Common\College.ServerDAL\College.ServerDAL.csproj", "{4BA1DB5B-5D20-4653-966F-F8E63E7B5648}"
EndProject
Project("{9A19103F-16F7-4668-BE54-9A1E7A4F7556}") = "ClientApps.Common", "3Common\ClientApps.Common\ClientApps.Common.csproj", "{718C34AA-684E-4FDE-83ED-12F066FFD2FC}"
EndProject
Project("{FAE04EC0-301F-11D3-BF4B-00C04F79EFBC}") = "CollegeGrpc.WebAppClient", "4WebAppClient\CollegeGrpc.WebAppClient\CollegeGrpc.WebAppClient.csproj", "{3C99F83E-77A8-45A5-A27D-1C92AEC518EA}"
EndProject
Project("{9A19103F-16F7-4668-BE54-9A1E7A4F7556}") = "CollegeWebApi.gRPCSrvNClient", "5RestWebAPIgRPC\CollegeWebApi.gRPCSrvNClient\CollegeWebApi.gRPCSrvNClient.csproj", "{C56964F3-1C21-40D1-84CC-F86FE3C90334}"
EndProject
Project("{9A19103F-16F7-4668-BE54-9A1E7A4F7556}") = "CollegeGrpc.ConsoleClient", "2ConsoleClient\CollegeGrpc.ConsoleClient\CollegeGrpc.ConsoleClient.csproj", "{2A46A18C-693A-47A5-8523-32EBCDF2F15A}"
EndProject
Project("{9A19103F-16F7-4668-BE54-9A1E7A4F7556}") = "College.GrpcServer", "1Server\College.GrpcServer\College.GrpcServer.csproj", "{8CAABD2C-6D93-4931-BA18-32F0DF36680C}"
EndProject
Global
	GlobalSection(SolutionConfigurationPlatforms) = preSolution
		Debug|Any CPU = Debug|Any CPU
		Release|Any CPU = Release|Any CPU
	EndGlobalSection
	GlobalSection(ProjectConfigurationPlatforms) = postSolution
		{CFC79F9E-545D-4653-A861-C6AF34A8B958}.Debug|Any CPU.ActiveCfg = Debug|Any CPU
		{CFC79F9E-545D-4653-A861-C6AF34A8B958}.Debug|Any CPU.Build.0 = Debug|Any CPU
		{CFC79F9E-545D-4653-A861-C6AF34A8B958}.Release|Any CPU.ActiveCfg = Release|Any CPU
		{CFC79F9E-545D-4653-A861-C6AF34A8B958}.Release|Any CPU.Build.0 = Release|Any CPU
		{D219ED0F-1F3D-4FB2-B887-3B6480B81ED6}.Debug|Any CPU.ActiveCfg = Debug|Any CPU
		{D219ED0F-1F3D-4FB2-B887-3B6480B81ED6}.Debug|Any CPU.Build.0 = Debug|Any CPU
		{D219ED0F-1F3D-4FB2-B887-3B6480B81ED6}.Release|Any CPU.ActiveCfg = Release|Any CPU
		{D219ED0F-1F3D-4FB2-B887-3B6480B81ED6}.Release|Any CPU.Build.0 = Release|Any CPU
		{4BA1DB5B-5D20-4653-966F-F8E63E7B5648}.Debug|Any CPU.ActiveCfg = Debug|Any CPU
		{4BA1DB5B-5D20-4653-966F-F8E63E7B5648}.Debug|Any CPU.Build.0 = Debug|Any CPU
		{4BA1DB5B-5D20-4653-966F-F8E63E7B5648}.Release|Any CPU.ActiveCfg = Release|Any CPU
		{4BA1DB5B-5D20-4653-966F-F8E63E7B5648}.Release|Any CPU.Build.0 = Release|Any CPU
		{718C34AA-684E-4FDE-83ED-12F066FFD2FC}.Debug|Any CPU.ActiveCfg = Debug|Any CPU
		{718C34AA-684E-4FDE-83ED-12F066FFD2FC}.Debug|Any CPU.Build.0 = Debug|Any CPU
		{718C34AA-684E-4FDE-83ED-12F066FFD2FC}.Release|Any CPU.ActiveCfg = Release|Any CPU
		{718C34AA-684E-4FDE-83ED-12F066FFD2FC}.Release|Any CPU.Build.0 = Release|Any CPU
		{3C99F83E-77A8-45A5-A27D-1C92AEC518EA}.Debug|Any CPU.ActiveCfg = Debug|Any CPU
		{3C99F83E-77A8-45A5-A27D-1C92AEC518EA}.Debug|Any CPU.Build.0 = Debug|Any CPU
		{3C99F83E-77A8-45A5-A27D-1C92AEC518EA}.Release|Any CPU.ActiveCfg = Release|Any CPU
		{3C99F83E-77A8-45A5-A27D-1C92AEC518EA}.Release|Any CPU.Build.0 = Release|Any CPU
		{C56964F3-1C21-40D1-84CC-F86FE3C90334}.Debug|Any CPU.ActiveCfg = Debug|Any CPU
		{C56964F3-1C21-40D1-84CC-F86FE3C90334}.Debug|Any CPU.Build.0 = Debug|Any CPU
		{C56964F3-1C21-40D1-84CC-F86FE3C90334}.Release|Any CPU.ActiveCfg = Release|Any CPU
		{C56964F3-1C21-40D1-84CC-F86FE3C90334}.Release|Any CPU.Build.0 = Release|Any CPU
		{2A46A18C-693A-47A5-8523-32EBCDF2F15A}.Debug|Any CPU.ActiveCfg = Debug|Any CPU
		{2A46A18C-693A-47A5-8523-32EBCDF2F15A}.Debug|Any CPU.Build.0 = Debug|Any CPU
		{2A46A18C-693A-47A5-8523-32EBCDF2F15A}.Release|Any CPU.ActiveCfg = Release|Any CPU
		{2A46A18C-693A-47A5-8523-32EBCDF2F15A}.Release|Any CPU.Build.0 = Release|Any CPU
		{8CAABD2C-6D93-4931-BA18-32F0DF36680C}.Debug|Any CPU.ActiveCfg = Debug|Any CPU
		{8CAABD2C-6D93-4931-BA18-32F0DF36680C}.Debug|Any CPU.Build.0 = Debug|Any CPU
		{8CAABD2C-6D93-4931-BA18-32F0DF36680C}.Release|Any CPU.ActiveCfg = Release|Any CPU
		{8CAABD2C-6D93-4931-BA18-32F0DF36680C}.Release|Any CPU.Build.0 = Release|Any CPU
	EndGlobalSection
	GlobalSection(SolutionProperties) = preSolution
		HideSolutionNode = FALSE
	EndGlobalSection
	GlobalSection(NestedProjects) = preSolution
		{FE2FC503-7949-4D78-976E-2C178B1BE4C8} = {251D7E99-9447-46AA-8629-224F0126C136}
		{E5AEF6D7-E8A7-4DAC-9B04-126D10523EFC} = {251D7E99-9447-46AA-8629-224F0126C136}
		{CDC56E18-429C-4935-A1E0-2378515169B2} = {251D7E99-9447-46AA-8629-224F0126C136}
		{B988A60F-79D6-4D85-B69B-76910230C1FB} = {251D7E99-9447-46AA-8629-224F0126C136}
		{6417A803-F98D-41C5-9F5C-DDC2D00E1300} = {251D7E99-9447-46AA-8629-224F0126C136}
		{CFC79F9E-545D-4653-A861-C6AF34A8B958} = {CDC56E18-429C-4935-A1E0-2378515169B2}
		{D219ED0F-1F3D-4FB2-B887-3B6480B81ED6} = {CDC56E18-429C-4935-A1E0-2378515169B2}
		{4BA1DB5B-5D20-4653-966F-F8E63E7B5648} = {CDC56E18-429C-4935-A1E0-2378515169B2}
		{718C34AA-684E-4FDE-83ED-12F066FFD2FC} = {CDC56E18-429C-4935-A1E0-2378515169B2}
		{3C99F83E-77A8-45A5-A27D-1C92AEC518EA} = {B988A60F-79D6-4D85-B69B-76910230C1FB}
		{C56964F3-1C21-40D1-84CC-F86FE3C90334} = {6417A803-F98D-41C5-9F5C-DDC2D00E1300}
		{2A46A18C-693A-47A5-8523-32EBCDF2F15A} = {FE2FC503-7949-4D78-976E-2C178B1BE4C8}
		{8CAABD2C-6D93-4931-BA18-32F0DF36680C} = {E5AEF6D7-E8A7-4DAC-9B04-126D10523EFC}
	EndGlobalSection
	GlobalSection(ExtensibilityGlobals) = postSolution
		SolutionGuid = {14636856-96F6-4AFF-9CE6-13413B0A4588}
	EndGlobalSection
EndGlobal
